// !$*UTF8*$!
{
	archiveVersion = 1;
	classes = {
	};
	objectVersion = 46;
	objects = {

/* Begin PBXBuildFile section */
		1AC6FB1F180E996B004C840B /* libbox2d Mac.a in Frameworks */ = {isa = PBXBuildFile; fileRef = 1AC6FAFF180E9839004C840B /* libbox2d Mac.a */; };
		1AC6FB20180E996B004C840B /* libchipmunk Mac.a in Frameworks */ = {isa = PBXBuildFile; fileRef = 1AC6FAFD180E9839004C840B /* libchipmunk Mac.a */; };
		1AC6FB21180E996B004C840B /* libcocos2dx Mac.a in Frameworks */ = {isa = PBXBuildFile; fileRef = 1AC6FAF9180E9839004C840B /* libcocos2dx Mac.a */; };
		1AC6FB22180E996B004C840B /* libcocos2dx-extensions Mac.a in Frameworks */ = {isa = PBXBuildFile; fileRef = 1AC6FAFB180E9839004C840B /* libcocos2dx-extensions Mac.a */; };
		1AC6FB23180E996B004C840B /* libCocosDenshion Mac.a in Frameworks */ = {isa = PBXBuildFile; fileRef = 1AC6FB01180E9839004C840B /* libCocosDenshion Mac.a */; };
		1AC6FB2E180E99EB004C840B /* libbox2d iOS.a in Frameworks */ = {isa = PBXBuildFile; fileRef = 1AC6FB0D180E9839004C840B /* libbox2d iOS.a */; settings = {ATTRIBUTES = (Required, ); }; };
		1AC6FB2F180E99EB004C840B /* libchipmunk iOS.a in Frameworks */ = {isa = PBXBuildFile; fileRef = 1AC6FB0B180E9839004C840B /* libchipmunk iOS.a */; };
		1AC6FB30180E99EB004C840B /* libcocos2dx iOS.a in Frameworks */ = {isa = PBXBuildFile; fileRef = 1AC6FB07180E9839004C840B /* libcocos2dx iOS.a */; };
		1AC6FB31180E99EB004C840B /* libcocos2dx-extensions iOS.a in Frameworks */ = {isa = PBXBuildFile; fileRef = 1AC6FB09180E9839004C840B /* libcocos2dx-extensions iOS.a */; };
		1AC6FB32180E99EB004C840B /* libCocosDenshion iOS.a in Frameworks */ = {isa = PBXBuildFile; fileRef = 1AC6FB0F180E9839004C840B /* libCocosDenshion iOS.a */; };
		1AFAF8B716D35DE700DB1158 /* AppDelegate.cpp in Sources */ = {isa = PBXBuildFile; fileRef = 1AFAF8B316D35DE700DB1158 /* AppDelegate.cpp */; };
		1AFAF8BC16D35E4900DB1158 /* CloseNormal.png in Resources */ = {isa = PBXBuildFile; fileRef = 1AFAF8B916D35E4900DB1158 /* CloseNormal.png */; };
		1AFAF8BD16D35E4900DB1158 /* CloseSelected.png in Resources */ = {isa = PBXBuildFile; fileRef = 1AFAF8BA16D35E4900DB1158 /* CloseSelected.png */; };
		1AFAF8BE16D35E4900DB1158 /* HelloWorld.png in Resources */ = {isa = PBXBuildFile; fileRef = 1AFAF8BB16D35E4900DB1158 /* HelloWorld.png */; };
		1D60589F0D05DD5A006BFB54 /* Foundation.framework in Frameworks */ = {isa = PBXBuildFile; fileRef = 1D30AB110D05D00D00671497 /* Foundation.framework */; };
		1DF5F4E00D08C38300B7A737 /* UIKit.framework in Frameworks */ = {isa = PBXBuildFile; fileRef = 1DF5F4DF0D08C38300B7A737 /* UIKit.framework */; };
		288765A50DF7441C002DB57D /* CoreGraphics.framework in Frameworks */ = {isa = PBXBuildFile; fileRef = 288765A40DF7441C002DB57D /* CoreGraphics.framework */; };
		503AE0F817EB97AB00D1A890 /* Icon.icns in Resources */ = {isa = PBXBuildFile; fileRef = 503AE0F617EB97AB00D1A890 /* Icon.icns */; };
		503AE10017EB989F00D1A890 /* AppController.mm in Sources */ = {isa = PBXBuildFile; fileRef = 503AE0FB17EB989F00D1A890 /* AppController.mm */; };
		503AE10117EB989F00D1A890 /* main.m in Sources */ = {isa = PBXBuildFile; fileRef = 503AE0FC17EB989F00D1A890 /* main.m */; };
		503AE10217EB989F00D1A890 /* RootViewController.mm in Sources */ = {isa = PBXBuildFile; fileRef = 503AE0FF17EB989F00D1A890 /* RootViewController.mm */; };
		503AE10517EB98FF00D1A890 /* main.cpp in Sources */ = {isa = PBXBuildFile; fileRef = 503AE10317EB98FF00D1A890 /* main.cpp */; };
		503AE11217EB99EE00D1A890 /* libcurl.dylib in Frameworks */ = {isa = PBXBuildFile; fileRef = 503AE11117EB99EE00D1A890 /* libcurl.dylib */; };
		503AE11B17EB9C5A00D1A890 /* IOKit.framework in Frameworks */ = {isa = PBXBuildFile; fileRef = 503AE11A17EB9C5A00D1A890 /* IOKit.framework */; };
		5087E75317EB910900C73F5D /* CloseNormal.png in Resources */ = {isa = PBXBuildFile; fileRef = 1AFAF8B916D35E4900DB1158 /* CloseNormal.png */; };
		5087E75417EB910900C73F5D /* CloseSelected.png in Resources */ = {isa = PBXBuildFile; fileRef = 1AFAF8BA16D35E4900DB1158 /* CloseSelected.png */; };
		5087E75517EB910900C73F5D /* HelloWorld.png in Resources */ = {isa = PBXBuildFile; fileRef = 1AFAF8BB16D35E4900DB1158 /* HelloWorld.png */; };
		5087E75717EB910900C73F5D /* AppDelegate.cpp in Sources */ = {isa = PBXBuildFile; fileRef = 1AFAF8B316D35DE700DB1158 /* AppDelegate.cpp */; };
		5087E76317EB910900C73F5D /* Foundation.framework in Frameworks */ = {isa = PBXBuildFile; fileRef = 1D30AB110D05D00D00671497 /* Foundation.framework */; };
		5087E76517EB910900C73F5D /* CoreGraphics.framework in Frameworks */ = {isa = PBXBuildFile; fileRef = 288765A40DF7441C002DB57D /* CoreGraphics.framework */; };
		5087E76717EB910900C73F5D /* libz.dylib in Frameworks */ = {isa = PBXBuildFile; fileRef = BF170DB412928DE900B8313A /* libz.dylib */; };
		5087E76817EB910900C73F5D /* QuartzCore.framework in Frameworks */ = {isa = PBXBuildFile; fileRef = BF1C47EA1293683800B63C5D /* QuartzCore.framework */; };
		5087E76917EB910900C73F5D /* OpenAL.framework in Frameworks */ = {isa = PBXBuildFile; fileRef = D44C620B132DFF330009C878 /* OpenAL.framework */; };
		5087E76A17EB910900C73F5D /* AVFoundation.framework in Frameworks */ = {isa = PBXBuildFile; fileRef = D44C620D132DFF430009C878 /* AVFoundation.framework */; };
		5087E76B17EB910900C73F5D /* AudioToolbox.framework in Frameworks */ = {isa = PBXBuildFile; fileRef = D44C620F132DFF4E0009C878 /* AudioToolbox.framework */; };
		5087E77D17EB970100C73F5D /* Default-568h@2x.png in Resources */ = {isa = PBXBuildFile; fileRef = 5087E77217EB970100C73F5D /* Default-568h@2x.png */; };
		5087E77E17EB970100C73F5D /* Default.png in Resources */ = {isa = PBXBuildFile; fileRef = 5087E77317EB970100C73F5D /* Default.png */; };
		5087E77F17EB970100C73F5D /* Default@2x.png in Resources */ = {isa = PBXBuildFile; fileRef = 5087E77417EB970100C73F5D /* Default@2x.png */; };
		5087E78017EB970100C73F5D /* Icon-114.png in Resources */ = {isa = PBXBuildFile; fileRef = 5087E77517EB970100C73F5D /* Icon-114.png */; };
		5087E78117EB970100C73F5D /* Icon-120.png in Resources */ = {isa = PBXBuildFile; fileRef = 5087E77617EB970100C73F5D /* Icon-120.png */; };
		5087E78217EB970100C73F5D /* Icon-144.png in Resources */ = {isa = PBXBuildFile; fileRef = 5087E77717EB970100C73F5D /* Icon-144.png */; };
		5087E78317EB970100C73F5D /* Icon-152.png in Resources */ = {isa = PBXBuildFile; fileRef = 5087E77817EB970100C73F5D /* Icon-152.png */; };
		5087E78417EB970100C73F5D /* Icon-57.png in Resources */ = {isa = PBXBuildFile; fileRef = 5087E77917EB970100C73F5D /* Icon-57.png */; };
		5087E78517EB970100C73F5D /* Icon-72.png in Resources */ = {isa = PBXBuildFile; fileRef = 5087E77A17EB970100C73F5D /* Icon-72.png */; };
		5087E78617EB970100C73F5D /* Icon-76.png in Resources */ = {isa = PBXBuildFile; fileRef = 5087E77B17EB970100C73F5D /* Icon-76.png */; };
		5087E78917EB974C00C73F5D /* AppKit.framework in Frameworks */ = {isa = PBXBuildFile; fileRef = 5087E78817EB974C00C73F5D /* AppKit.framework */; };
		5087E78B17EB975400C73F5D /* OpenGL.framework in Frameworks */ = {isa = PBXBuildFile; fileRef = 5087E78A17EB975400C73F5D /* OpenGL.framework */; };
		50EF629617ECD46A001EB2F8 /* Icon-40.png in Resources */ = {isa = PBXBuildFile; fileRef = 50EF629217ECD46A001EB2F8 /* Icon-40.png */; };
		50EF629717ECD46A001EB2F8 /* Icon-58.png in Resources */ = {isa = PBXBuildFile; fileRef = 50EF629317ECD46A001EB2F8 /* Icon-58.png */; };
		50EF629817ECD46A001EB2F8 /* Icon-80.png in Resources */ = {isa = PBXBuildFile; fileRef = 50EF629417ECD46A001EB2F8 /* Icon-80.png */; };
		50EF629917ECD46A001EB2F8 /* Icon-100.png in Resources */ = {isa = PBXBuildFile; fileRef = 50EF629517ECD46A001EB2F8 /* Icon-100.png */; };
		50EF62A217ECD613001EB2F8 /* Icon-29.png in Resources */ = {isa = PBXBuildFile; fileRef = 50EF62A017ECD613001EB2F8 /* Icon-29.png */; };
		50EF62A317ECD613001EB2F8 /* Icon-50.png in Resources */ = {isa = PBXBuildFile; fileRef = 50EF62A117ECD613001EB2F8 /* Icon-50.png */; };
		8900CCD11977B37A0069F670 /* tileC2.png in Resources */ = {isa = PBXBuildFile; fileRef = 8900CCD01977B37A0069F670 /* tileC2.png */; };
		8900CCD51977B68B0069F670 /* background.png in Resources */ = {isa = PBXBuildFile; fileRef = 8900CCD41977B68B0069F670 /* background.png */; };
		89068F52195002450003B243 /* BattleWorld.cpp in Sources */ = {isa = PBXBuildFile; fileRef = 89068F50195002450003B243 /* BattleWorld.cpp */; };
		8909A5BB197F8B3D00384F45 /* charactor.plist in Resources */ = {isa = PBXBuildFile; fileRef = 8909A5BA197F8B3D00384F45 /* charactor.plist */; };
		891B6DF91975034600549E61 /* enemy.png in Resources */ = {isa = PBXBuildFile; fileRef = 891B6DF81975034600549E61 /* enemy.png */; };
		891B6DFB1975172400549E61 /* img4.png in Resources */ = {isa = PBXBuildFile; fileRef = 891B6DFA1975172400549E61 /* img4.png */; };
		89403C9E1950468800345BA9 /* JSON.cpp in Sources */ = {isa = PBXBuildFile; fileRef = 89403C9C1950468800345BA9 /* JSON.cpp */; };
		89403CA21951882500345BA9 /* img3.png in Resources */ = {isa = PBXBuildFile; fileRef = 89403C9F1951882500345BA9 /* img3.png */; };
		89403CA31951882500345BA9 /* img1.png in Resources */ = {isa = PBXBuildFile; fileRef = 89403CA01951882500345BA9 /* img1.png */; };
		89403CA41951882500345BA9 /* img2.png in Resources */ = {isa = PBXBuildFile; fileRef = 89403CA11951882500345BA9 /* img2.png */; };
		89403CA919518E3700345BA9 /* ShaderSprite.cpp in Sources */ = {isa = PBXBuildFile; fileRef = 89403CA719518E3700345BA9 /* ShaderSprite.cpp */; };
		89CED8F819486A0D0065CBFC /* A Damn Mess.ttf in Resources */ = {isa = PBXBuildFile; fileRef = 89CED8BB19486A0D0065CBFC /* A Damn Mess.ttf */; };
		89CED8F919486A0D0065CBFC /* Abberancy.ttf in Resources */ = {isa = PBXBuildFile; fileRef = 89CED8BC19486A0D0065CBFC /* Abberancy.ttf */; };
		89CED8FA19486A0D0065CBFC /* Abduction.ttf in Resources */ = {isa = PBXBuildFile; fileRef = 89CED8BD19486A0D0065CBFC /* Abduction.ttf */; };
		89CED8FB19486A0D0065CBFC /* American Typewriter.ttf in Resources */ = {isa = PBXBuildFile; fileRef = 89CED8BE19486A0D0065CBFC /* American Typewriter.ttf */; };
		89CED8FC19486A0D0065CBFC /* arial-26-en-ru.fnt in Resources */ = {isa = PBXBuildFile; fileRef = 89CED8BF19486A0D0065CBFC /* arial-26-en-ru.fnt */; };
		89CED8FD19486A0D0065CBFC /* arial-26-en-ru_0.png in Resources */ = {isa = PBXBuildFile; fileRef = 89CED8C019486A0D0065CBFC /* arial-26-en-ru_0.png */; };
		89CED8FE19486A0D0065CBFC /* arial-unicode-26.fnt in Resources */ = {isa = PBXBuildFile; fileRef = 89CED8C119486A0D0065CBFC /* arial-unicode-26.fnt */; };
		89CED8FF19486A0D0065CBFC /* arial-unicode-26.GlyphProject in Resources */ = {isa = PBXBuildFile; fileRef = 89CED8C219486A0D0065CBFC /* arial-unicode-26.GlyphProject */; };
		89CED90019486A0D0065CBFC /* arial-unicode-26.png in Resources */ = {isa = PBXBuildFile; fileRef = 89CED8C319486A0D0065CBFC /* arial-unicode-26.png */; };
		89CED90119486A0D0065CBFC /* arial.ttf in Resources */ = {isa = PBXBuildFile; fileRef = 89CED8C419486A0D0065CBFC /* arial.ttf */; };
		89CED90219486A0D0065CBFC /* arial16.fnt in Resources */ = {isa = PBXBuildFile; fileRef = 89CED8C519486A0D0065CBFC /* arial16.fnt */; };
		89CED90319486A0D0065CBFC /* arial16.png in Resources */ = {isa = PBXBuildFile; fileRef = 89CED8C619486A0D0065CBFC /* arial16.png */; };
		89CED90419486A0D0065CBFC /* bitmapFontChinese.fnt in Resources */ = {isa = PBXBuildFile; fileRef = 89CED8C719486A0D0065CBFC /* bitmapFontChinese.fnt */; };
		89CED90519486A0D0065CBFC /* bitmapFontChinese.png in Resources */ = {isa = PBXBuildFile; fileRef = 89CED8C819486A0D0065CBFC /* bitmapFontChinese.png */; };
		89CED90619486A0D0065CBFC /* bitmapFontTest.fnt in Resources */ = {isa = PBXBuildFile; fileRef = 89CED8C919486A0D0065CBFC /* bitmapFontTest.fnt */; };
		89CED90719486A0D0065CBFC /* bitmapFontTest.png in Resources */ = {isa = PBXBuildFile; fileRef = 89CED8CA19486A0D0065CBFC /* bitmapFontTest.png */; };
		89CED90819486A0D0065CBFC /* bitmapFontTest2.bmp in Resources */ = {isa = PBXBuildFile; fileRef = 89CED8CB19486A0D0065CBFC /* bitmapFontTest2.bmp */; };
		89CED90919486A0D0065CBFC /* bitmapFontTest2.fnt in Resources */ = {isa = PBXBuildFile; fileRef = 89CED8CC19486A0D0065CBFC /* bitmapFontTest2.fnt */; };
		89CED90A19486A0D0065CBFC /* bitmapFontTest2.png in Resources */ = {isa = PBXBuildFile; fileRef = 89CED8CD19486A0D0065CBFC /* bitmapFontTest2.png */; };
		89CED90B19486A0D0065CBFC /* bitmapFontTest3.fnt in Resources */ = {isa = PBXBuildFile; fileRef = 89CED8CE19486A0D0065CBFC /* bitmapFontTest3.fnt */; };
		89CED90C19486A0D0065CBFC /* bitmapFontTest3.png in Resources */ = {isa = PBXBuildFile; fileRef = 89CED8CF19486A0D0065CBFC /* bitmapFontTest3.png */; };
		89CED90D19486A0D0065CBFC /* bitmapFontTest4.fnt in Resources */ = {isa = PBXBuildFile; fileRef = 89CED8D019486A0D0065CBFC /* bitmapFontTest4.fnt */; };
		89CED90E19486A0D0065CBFC /* bitmapFontTest4.png in Resources */ = {isa = PBXBuildFile; fileRef = 89CED8D119486A0D0065CBFC /* bitmapFontTest4.png */; };
		89CED90F19486A0D0065CBFC /* bitmapFontTest5.fnt in Resources */ = {isa = PBXBuildFile; fileRef = 89CED8D219486A0D0065CBFC /* bitmapFontTest5.fnt */; };
		89CED91019486A0D0065CBFC /* bitmapFontTest5.png in Resources */ = {isa = PBXBuildFile; fileRef = 89CED8D319486A0D0065CBFC /* bitmapFontTest5.png */; };
		89CED91119486A0D0065CBFC /* boundsTestFont.fnt in Resources */ = {isa = PBXBuildFile; fileRef = 89CED8D419486A0D0065CBFC /* boundsTestFont.fnt */; };
		89CED91219486A0D0065CBFC /* boundsTestFont.png in Resources */ = {isa = PBXBuildFile; fileRef = 89CED8D519486A0D0065CBFC /* boundsTestFont.png */; };
		89CED91319486A0D0065CBFC /* Courier New.ttf in Resources */ = {isa = PBXBuildFile; fileRef = 89CED8D619486A0D0065CBFC /* Courier New.ttf */; };
		89CED91419486A0D0065CBFC /* cyril.ttf in Resources */ = {isa = PBXBuildFile; fileRef = 89CED8D719486A0D0065CBFC /* cyril.ttf */; };
		89CED91519486A0D0065CBFC /* cyrillic.ttf in Resources */ = {isa = PBXBuildFile; fileRef = 89CED8D819486A0D0065CBFC /* cyrillic.ttf */; };
		89CED91619486A0D0065CBFC /* font-issue1343-hd.fnt in Resources */ = {isa = PBXBuildFile; fileRef = 89CED8D919486A0D0065CBFC /* font-issue1343-hd.fnt */; };
		89CED91719486A0D0065CBFC /* font-issue1343-hd.png in Resources */ = {isa = PBXBuildFile; fileRef = 89CED8DA19486A0D0065CBFC /* font-issue1343-hd.png */; };
		89CED91819486A0D0065CBFC /* font-issue1343.fnt in Resources */ = {isa = PBXBuildFile; fileRef = 89CED8DB19486A0D0065CBFC /* font-issue1343.fnt */; };
		89CED91919486A0D0065CBFC /* font-issue1343.png in Resources */ = {isa = PBXBuildFile; fileRef = 89CED8DC19486A0D0065CBFC /* font-issue1343.png */; };
		89CED91A19486A0D0065CBFC /* futura-48.fnt in Resources */ = {isa = PBXBuildFile; fileRef = 89CED8DD19486A0D0065CBFC /* futura-48.fnt */; };
		89CED91B19486A0D0065CBFC /* futura-48.png in Resources */ = {isa = PBXBuildFile; fileRef = 89CED8DE19486A0D0065CBFC /* futura-48.png */; };
		89CED91C19486A0D0065CBFC /* geneva-32.fnt in Resources */ = {isa = PBXBuildFile; fileRef = 89CED8DF19486A0D0065CBFC /* geneva-32.fnt */; };
		89CED91D19486A0D0065CBFC /* helvetica-32.fnt in Resources */ = {isa = PBXBuildFile; fileRef = 89CED8E019486A0D0065CBFC /* helvetica-32.fnt */; };
		89CED91E19486A0D0065CBFC /* helvetica-geneva-32.png in Resources */ = {isa = PBXBuildFile; fileRef = 89CED8E119486A0D0065CBFC /* helvetica-geneva-32.png */; };
		89CED91F19486A0D0065CBFC /* Japanese.ttf in Resources */ = {isa = PBXBuildFile; fileRef = 89CED8E219486A0D0065CBFC /* Japanese.ttf */; };
		89CED92019486A0D0065CBFC /* konqa32.fnt in Resources */ = {isa = PBXBuildFile; fileRef = 89CED8E319486A0D0065CBFC /* konqa32.fnt */; };
		89CED92119486A0D0065CBFC /* konqa32.png in Resources */ = {isa = PBXBuildFile; fileRef = 89CED8E419486A0D0065CBFC /* konqa32.png */; };
		89CED92219486A0D0065CBFC /* labelatlas.png in Resources */ = {isa = PBXBuildFile; fileRef = 89CED8E519486A0D0065CBFC /* labelatlas.png */; };
		89CED92319486A0D0065CBFC /* larabie-16.plist in Resources */ = {isa = PBXBuildFile; fileRef = 89CED8E619486A0D0065CBFC /* larabie-16.plist */; };
		89CED92419486A0D0065CBFC /* larabie-16.png in Resources */ = {isa = PBXBuildFile; fileRef = 89CED8E719486A0D0065CBFC /* larabie-16.png */; };
		89CED92519486A0D0065CBFC /* Marker Felt.ttf in Resources */ = {isa = PBXBuildFile; fileRef = 89CED8E819486A0D0065CBFC /* Marker Felt.ttf */; };
		89CED92619486A0D0065CBFC /* markerFelt.fnt in Resources */ = {isa = PBXBuildFile; fileRef = 89CED8E919486A0D0065CBFC /* markerFelt.fnt */; };
		89CED92719486A0D0065CBFC /* markerFelt.png in Resources */ = {isa = PBXBuildFile; fileRef = 89CED8EA19486A0D0065CBFC /* markerFelt.png */; };
		89CED92819486A0D0065CBFC /* Paint Boy.ttf in Resources */ = {isa = PBXBuildFile; fileRef = 89CED8EB19486A0D0065CBFC /* Paint Boy.ttf */; };
		89CED92919486A0D0065CBFC /* Roboto.bmf.fnt in Resources */ = {isa = PBXBuildFile; fileRef = 89CED8EC19486A0D0065CBFC /* Roboto.bmf.fnt */; };
		89CED92A19486A0D0065CBFC /* Roboto.bmf_0.png in Resources */ = {isa = PBXBuildFile; fileRef = 89CED8ED19486A0D0065CBFC /* Roboto.bmf_0.png */; };
		89CED92B19486A0D0065CBFC /* Schwarzwald Regular.ttf in Resources */ = {isa = PBXBuildFile; fileRef = 89CED8EE19486A0D0065CBFC /* Schwarzwald Regular.ttf */; };
		89CED92C19486A0D0065CBFC /* Scissor Cuts.ttf in Resources */ = {isa = PBXBuildFile; fileRef = 89CED8EF19486A0D0065CBFC /* Scissor Cuts.ttf */; };
		89CED92D19486A0D0065CBFC /* strings.xml in Resources */ = {isa = PBXBuildFile; fileRef = 89CED8F019486A0D0065CBFC /* strings.xml */; };
		89CED92E19486A0D0065CBFC /* tahoma.ttf in Resources */ = {isa = PBXBuildFile; fileRef = 89CED8F119486A0D0065CBFC /* tahoma.ttf */; };
		89CED92F19486A0D0065CBFC /* Thonburi.ttf in Resources */ = {isa = PBXBuildFile; fileRef = 89CED8F219486A0D0065CBFC /* Thonburi.ttf */; };
		89CED93019486A0D0065CBFC /* ThonburiBold.ttf in Resources */ = {isa = PBXBuildFile; fileRef = 89CED8F319486A0D0065CBFC /* ThonburiBold.ttf */; };
		89CED93119486A0D0065CBFC /* tuffy_bold_italic-charmap.plist in Resources */ = {isa = PBXBuildFile; fileRef = 89CED8F419486A0D0065CBFC /* tuffy_bold_italic-charmap.plist */; };
		89CED93219486A0D0065CBFC /* tuffy_bold_italic-charmap.png in Resources */ = {isa = PBXBuildFile; fileRef = 89CED8F519486A0D0065CBFC /* tuffy_bold_italic-charmap.png */; };
		89CED93319486A0D0065CBFC /* west_england-64.fnt in Resources */ = {isa = PBXBuildFile; fileRef = 89CED8F619486A0D0065CBFC /* west_england-64.fnt */; };
		89CED93419486A0D0065CBFC /* west_england-64.png in Resources */ = {isa = PBXBuildFile; fileRef = 89CED8F719486A0D0065CBFC /* west_england-64.png */; };
		89CED93B194873C40065CBFC /* BattleScene.cpp in Sources */ = {isa = PBXBuildFile; fileRef = 89CED939194873C40065CBFC /* BattleScene.cpp */; };
		89CED9401949B2350065CBFC /* bg.png in Resources */ = {isa = PBXBuildFile; fileRef = 89CED93F1949B2350065CBFC /* bg.png */; };
		89D02C67194EB281004A759A /* circle.png in Resources */ = {isa = PBXBuildFile; fileRef = 89D02C66194EB281004A759A /* circle.png */; };
		89D02C6F194EBCBB004A759A /* GLES-Render.cpp in Sources */ = {isa = PBXBuildFile; fileRef = 89D02C6D194EBCBB004A759A /* GLES-Render.cpp */; };
		89F9E9AC1977DCB600A60A4D /* shapes.cc in Sources */ = {isa = PBXBuildFile; fileRef = 89F9E99F1977DCB600A60A4D /* shapes.cc */; };
		89F9E9AD1977DCB600A60A4D /* advancing_front.cc in Sources */ = {isa = PBXBuildFile; fileRef = 89F9E9A41977DCB600A60A4D /* advancing_front.cc */; };
		89F9E9AE1977DCB600A60A4D /* cdt.cc in Sources */ = {isa = PBXBuildFile; fileRef = 89F9E9A61977DCB600A60A4D /* cdt.cc */; };
		89F9E9AF1977DCB600A60A4D /* sweep.cc in Sources */ = {isa = PBXBuildFile; fileRef = 89F9E9A81977DCB600A60A4D /* sweep.cc */; };
		89F9E9B01977DCB600A60A4D /* sweep_context.cc in Sources */ = {isa = PBXBuildFile; fileRef = 89F9E9AA1977DCB600A60A4D /* sweep_context.cc */; };
		89F9E9CE197E1BEF00A60A4D /* GB2ShapeCache-x.cpp in Sources */ = {isa = PBXBuildFile; fileRef = 89F9E9CC197E1BEF00A60A4D /* GB2ShapeCache-x.cpp */; };
		89F9E9D7197E1C6600A60A4D /* PhysicsEditorScene.cpp in Sources */ = {isa = PBXBuildFile; fileRef = 89F9E9D5197E1C6600A60A4D /* PhysicsEditorScene.cpp */; };
		8C3C8F2D197AB5520044B48E /* charactor_1.png in Resources */ = {isa = PBXBuildFile; fileRef = 8C3C8F2C197AB5520044B48E /* charactor_1.png */; };
		8C7706011947529600270F5D /* StartScene.cpp in Sources */ = {isa = PBXBuildFile; fileRef = 8C7705FF1947529600270F5D /* StartScene.cpp */; };
		8CF729DB194757490030B362 /* TitanScene.cpp in Sources */ = {isa = PBXBuildFile; fileRef = 8CF729D9194757490030B362 /* TitanScene.cpp */; };
		8CF729F119572DD10030B362 /* b2Sperator.cpp in Sources */ = {isa = PBXBuildFile; fileRef = 8CF729EF19572DD10030B362 /* b2Sperator.cpp */; };
		BF171245129291EC00B8313A /* OpenGLES.framework in Frameworks */ = {isa = PBXBuildFile; fileRef = BF170DB012928DE900B8313A /* OpenGLES.framework */; };
		BF1712471292920000B8313A /* libz.dylib in Frameworks */ = {isa = PBXBuildFile; fileRef = BF170DB412928DE900B8313A /* libz.dylib */; };
		BF1C47F01293687400B63C5D /* QuartzCore.framework in Frameworks */ = {isa = PBXBuildFile; fileRef = BF1C47EA1293683800B63C5D /* QuartzCore.framework */; };
		D44C620C132DFF330009C878 /* OpenAL.framework in Frameworks */ = {isa = PBXBuildFile; fileRef = D44C620B132DFF330009C878 /* OpenAL.framework */; };
		D44C620E132DFF430009C878 /* AVFoundation.framework in Frameworks */ = {isa = PBXBuildFile; fileRef = D44C620D132DFF430009C878 /* AVFoundation.framework */; };
		D44C6210132DFF4E0009C878 /* AudioToolbox.framework in Frameworks */ = {isa = PBXBuildFile; fileRef = D44C620F132DFF4E0009C878 /* AudioToolbox.framework */; };
		D6B0611B1803AB670077942B /* CoreMotion.framework in Frameworks */ = {isa = PBXBuildFile; fileRef = D6B0611A1803AB670077942B /* CoreMotion.framework */; };
/* End PBXBuildFile section */

/* Begin PBXContainerItemProxy section */
		1AC6FAF8180E9839004C840B /* PBXContainerItemProxy */ = {
			isa = PBXContainerItemProxy;
			containerPortal = 1AC6FAE5180E9839004C840B /* cocos2d_libs.xcodeproj */;
			proxyType = 2;
			remoteGlobalIDString = 1551A33F158F2AB200E66CFE;
			remoteInfo = "cocos2dx Mac";
		};
		1AC6FAFA180E9839004C840B /* PBXContainerItemProxy */ = {
			isa = PBXContainerItemProxy;
			containerPortal = 1AC6FAE5180E9839004C840B /* cocos2d_libs.xcodeproj */;
			proxyType = 2;
			remoteGlobalIDString = A03F2FD617814595006731B9;
			remoteInfo = "cocos2dx-extensions Mac";
		};
		1AC6FAFC180E9839004C840B /* PBXContainerItemProxy */ = {
			isa = PBXContainerItemProxy;
			containerPortal = 1AC6FAE5180E9839004C840B /* cocos2d_libs.xcodeproj */;
			proxyType = 2;
			remoteGlobalIDString = A03F2CB81780BD04006731B9;
			remoteInfo = "chipmunk Mac";
		};
		1AC6FAFE180E9839004C840B /* PBXContainerItemProxy */ = {
			isa = PBXContainerItemProxy;
			containerPortal = 1AC6FAE5180E9839004C840B /* cocos2d_libs.xcodeproj */;
			proxyType = 2;
			remoteGlobalIDString = A03F2D9B1780BDF7006731B9;
			remoteInfo = "box2d Mac";
		};
		1AC6FB00180E9839004C840B /* PBXContainerItemProxy */ = {
			isa = PBXContainerItemProxy;
			containerPortal = 1AC6FAE5180E9839004C840B /* cocos2d_libs.xcodeproj */;
			proxyType = 2;
			remoteGlobalIDString = A03F2ED617814268006731B9;
			remoteInfo = "CocosDenshion Mac";
		};
		1AC6FB06180E9839004C840B /* PBXContainerItemProxy */ = {
			isa = PBXContainerItemProxy;
			containerPortal = 1AC6FAE5180E9839004C840B /* cocos2d_libs.xcodeproj */;
			proxyType = 2;
			remoteGlobalIDString = A07A4D641783777C0073F6A7;
			remoteInfo = "cocos2dx iOS";
		};
		1AC6FB08180E9839004C840B /* PBXContainerItemProxy */ = {
			isa = PBXContainerItemProxy;
			containerPortal = 1AC6FAE5180E9839004C840B /* cocos2d_libs.xcodeproj */;
			proxyType = 2;
			remoteGlobalIDString = A07A4EFC1783867C0073F6A7;
			remoteInfo = "cocos2dx-extensions iOS";
		};
		1AC6FB0A180E9839004C840B /* PBXContainerItemProxy */ = {
			isa = PBXContainerItemProxy;
			containerPortal = 1AC6FAE5180E9839004C840B /* cocos2d_libs.xcodeproj */;
			proxyType = 2;
			remoteGlobalIDString = A07A4F3B178387670073F6A7;
			remoteInfo = "chipmunk iOS";
		};
		1AC6FB0C180E9839004C840B /* PBXContainerItemProxy */ = {
			isa = PBXContainerItemProxy;
			containerPortal = 1AC6FAE5180E9839004C840B /* cocos2d_libs.xcodeproj */;
			proxyType = 2;
			remoteGlobalIDString = A07A4F9E1783876B0073F6A7;
			remoteInfo = "box2d iOS";
		};
		1AC6FB0E180E9839004C840B /* PBXContainerItemProxy */ = {
			isa = PBXContainerItemProxy;
			containerPortal = 1AC6FAE5180E9839004C840B /* cocos2d_libs.xcodeproj */;
			proxyType = 2;
			remoteGlobalIDString = A07A4FB4178387730073F6A7;
			remoteInfo = "CocosDenshion iOS";
		};
		1AC6FB15180E9959004C840B /* PBXContainerItemProxy */ = {
			isa = PBXContainerItemProxy;
			containerPortal = 1AC6FAE5180E9839004C840B /* cocos2d_libs.xcodeproj */;
			proxyType = 1;
			remoteGlobalIDString = 1551A33E158F2AB200E66CFE;
			remoteInfo = "cocos2dx Mac";
		};
		1AC6FB17180E9959004C840B /* PBXContainerItemProxy */ = {
			isa = PBXContainerItemProxy;
			containerPortal = 1AC6FAE5180E9839004C840B /* cocos2d_libs.xcodeproj */;
			proxyType = 1;
			remoteGlobalIDString = A03F2FC117814595006731B9;
			remoteInfo = "cocos2dx-extensions Mac";
		};
		1AC6FB19180E9959004C840B /* PBXContainerItemProxy */ = {
			isa = PBXContainerItemProxy;
			containerPortal = 1AC6FAE5180E9839004C840B /* cocos2d_libs.xcodeproj */;
			proxyType = 1;
			remoteGlobalIDString = A03F2B781780BD04006731B9;
			remoteInfo = "chipmunk Mac";
		};
		1AC6FB1B180E9959004C840B /* PBXContainerItemProxy */ = {
			isa = PBXContainerItemProxy;
			containerPortal = 1AC6FAE5180E9839004C840B /* cocos2d_libs.xcodeproj */;
			proxyType = 1;
			remoteGlobalIDString = A03F2E9817814268006731B9;
			remoteInfo = "CocosDenshion Mac";
		};
		1AC6FB1D180E9963004C840B /* PBXContainerItemProxy */ = {
			isa = PBXContainerItemProxy;
			containerPortal = 1AC6FAE5180E9839004C840B /* cocos2d_libs.xcodeproj */;
			proxyType = 1;
			remoteGlobalIDString = A03F2D5D1780BDF7006731B9;
			remoteInfo = "box2d Mac";
		};
		1AC6FB24180E99E1004C840B /* PBXContainerItemProxy */ = {
			isa = PBXContainerItemProxy;
			containerPortal = 1AC6FAE5180E9839004C840B /* cocos2d_libs.xcodeproj */;
			proxyType = 1;
			remoteGlobalIDString = A07A4C241783777C0073F6A7;
			remoteInfo = "cocos2dx iOS";
		};
		1AC6FB26180E99E1004C840B /* PBXContainerItemProxy */ = {
			isa = PBXContainerItemProxy;
			containerPortal = 1AC6FAE5180E9839004C840B /* cocos2d_libs.xcodeproj */;
			proxyType = 1;
			remoteGlobalIDString = A07A4E111783867C0073F6A7;
			remoteInfo = "cocos2dx-extensions iOS";
		};
		1AC6FB28180E99E1004C840B /* PBXContainerItemProxy */ = {
			isa = PBXContainerItemProxy;
			containerPortal = 1AC6FAE5180E9839004C840B /* cocos2d_libs.xcodeproj */;
			proxyType = 1;
			remoteGlobalIDString = A07A4EFD178387670073F6A7;
			remoteInfo = "chipmunk iOS";
		};
		1AC6FB2A180E99E1004C840B /* PBXContainerItemProxy */ = {
			isa = PBXContainerItemProxy;
			containerPortal = 1AC6FAE5180E9839004C840B /* cocos2d_libs.xcodeproj */;
			proxyType = 1;
			remoteGlobalIDString = A07A4F3C1783876B0073F6A7;
			remoteInfo = "box2d iOS";
		};
		1AC6FB2C180E99E1004C840B /* PBXContainerItemProxy */ = {
			isa = PBXContainerItemProxy;
			containerPortal = 1AC6FAE5180E9839004C840B /* cocos2d_libs.xcodeproj */;
			proxyType = 1;
			remoteGlobalIDString = A07A4F9F178387730073F6A7;
			remoteInfo = "CocosDenshion iOS";
		};
/* End PBXContainerItemProxy section */

/* Begin PBXFileReference section */
		1AC6FAE5180E9839004C840B /* cocos2d_libs.xcodeproj */ = {isa = PBXFileReference; lastKnownFileType = "wrapper.pb-project"; name = cocos2d_libs.xcodeproj; path = ../cocos2d/build/cocos2d_libs.xcodeproj; sourceTree = "<group>"; };
		1ACB3243164770DE00914215 /* libcurl.a */ = {isa = PBXFileReference; lastKnownFileType = archive.ar; name = libcurl.a; path = ../../cocos2dx/platform/third_party/ios/libraries/libcurl.a; sourceTree = "<group>"; };
		1AFAF8B316D35DE700DB1158 /* AppDelegate.cpp */ = {isa = PBXFileReference; fileEncoding = 4; lastKnownFileType = sourcecode.cpp.cpp; name = AppDelegate.cpp; path = ../Classes/AppDelegate.cpp; sourceTree = "<group>"; };
		1AFAF8B416D35DE700DB1158 /* AppDelegate.h */ = {isa = PBXFileReference; fileEncoding = 4; lastKnownFileType = sourcecode.c.h; name = AppDelegate.h; path = ../Classes/AppDelegate.h; sourceTree = "<group>"; };
		1AFAF8B916D35E4900DB1158 /* CloseNormal.png */ = {isa = PBXFileReference; lastKnownFileType = image.png; path = CloseNormal.png; sourceTree = "<group>"; };
		1AFAF8BA16D35E4900DB1158 /* CloseSelected.png */ = {isa = PBXFileReference; lastKnownFileType = image.png; path = CloseSelected.png; sourceTree = "<group>"; };
		1AFAF8BB16D35E4900DB1158 /* HelloWorld.png */ = {isa = PBXFileReference; lastKnownFileType = image.png; path = HelloWorld.png; sourceTree = "<group>"; };
		1D30AB110D05D00D00671497 /* Foundation.framework */ = {isa = PBXFileReference; lastKnownFileType = wrapper.framework; name = Foundation.framework; path = System/Library/Frameworks/Foundation.framework; sourceTree = SDKROOT; };
		1D6058910D05DD3D006BFB54 /* Titan iOS.app */ = {isa = PBXFileReference; explicitFileType = wrapper.application; includeInIndex = 0; path = "Titan iOS.app"; sourceTree = BUILT_PRODUCTS_DIR; };
		1DF5F4DF0D08C38300B7A737 /* UIKit.framework */ = {isa = PBXFileReference; lastKnownFileType = wrapper.framework; name = UIKit.framework; path = System/Library/Frameworks/UIKit.framework; sourceTree = SDKROOT; };
		288765A40DF7441C002DB57D /* CoreGraphics.framework */ = {isa = PBXFileReference; lastKnownFileType = wrapper.framework; name = CoreGraphics.framework; path = System/Library/Frameworks/CoreGraphics.framework; sourceTree = SDKROOT; };
		503AE0F617EB97AB00D1A890 /* Icon.icns */ = {isa = PBXFileReference; lastKnownFileType = image.icns; path = Icon.icns; sourceTree = "<group>"; };
		503AE0F717EB97AB00D1A890 /* Info.plist */ = {isa = PBXFileReference; fileEncoding = 4; lastKnownFileType = text.plist.xml; path = Info.plist; sourceTree = "<group>"; };
		503AE0FA17EB989F00D1A890 /* AppController.h */ = {isa = PBXFileReference; fileEncoding = 4; lastKnownFileType = sourcecode.c.h; name = AppController.h; path = ios/AppController.h; sourceTree = SOURCE_ROOT; };
		503AE0FB17EB989F00D1A890 /* AppController.mm */ = {isa = PBXFileReference; fileEncoding = 4; lastKnownFileType = sourcecode.cpp.objcpp; name = AppController.mm; path = ios/AppController.mm; sourceTree = SOURCE_ROOT; };
		503AE0FC17EB989F00D1A890 /* main.m */ = {isa = PBXFileReference; fileEncoding = 4; lastKnownFileType = sourcecode.c.objc; name = main.m; path = ios/main.m; sourceTree = SOURCE_ROOT; };
		503AE0FD17EB989F00D1A890 /* Prefix.pch */ = {isa = PBXFileReference; fileEncoding = 4; lastKnownFileType = sourcecode.c.h; name = Prefix.pch; path = ios/Prefix.pch; sourceTree = SOURCE_ROOT; };
		503AE0FE17EB989F00D1A890 /* RootViewController.h */ = {isa = PBXFileReference; fileEncoding = 4; lastKnownFileType = sourcecode.c.h; name = RootViewController.h; path = ios/RootViewController.h; sourceTree = SOURCE_ROOT; };
		503AE0FF17EB989F00D1A890 /* RootViewController.mm */ = {isa = PBXFileReference; fileEncoding = 4; lastKnownFileType = sourcecode.cpp.objcpp; name = RootViewController.mm; path = ios/RootViewController.mm; sourceTree = SOURCE_ROOT; };
		503AE10317EB98FF00D1A890 /* main.cpp */ = {isa = PBXFileReference; fileEncoding = 4; lastKnownFileType = sourcecode.cpp.cpp; name = main.cpp; path = mac/main.cpp; sourceTree = "<group>"; };
		503AE10417EB98FF00D1A890 /* Prefix.pch */ = {isa = PBXFileReference; fileEncoding = 4; lastKnownFileType = sourcecode.c.h; name = Prefix.pch; path = mac/Prefix.pch; sourceTree = "<group>"; };
		503AE11117EB99EE00D1A890 /* libcurl.dylib */ = {isa = PBXFileReference; lastKnownFileType = "compiled.mach-o.dylib"; name = libcurl.dylib; path = usr/lib/libcurl.dylib; sourceTree = SDKROOT; };
		503AE11A17EB9C5A00D1A890 /* IOKit.framework */ = {isa = PBXFileReference; lastKnownFileType = wrapper.framework; name = IOKit.framework; path = System/Library/Frameworks/IOKit.framework; sourceTree = SDKROOT; };
		5087E76F17EB910900C73F5D /* Titan Mac.app */ = {isa = PBXFileReference; explicitFileType = wrapper.application; includeInIndex = 0; path = "Titan Mac.app"; sourceTree = BUILT_PRODUCTS_DIR; };
		5087E77217EB970100C73F5D /* Default-568h@2x.png */ = {isa = PBXFileReference; lastKnownFileType = image.png; path = "Default-568h@2x.png"; sourceTree = "<group>"; };
		5087E77317EB970100C73F5D /* Default.png */ = {isa = PBXFileReference; lastKnownFileType = image.png; path = Default.png; sourceTree = "<group>"; };
		5087E77417EB970100C73F5D /* Default@2x.png */ = {isa = PBXFileReference; lastKnownFileType = image.png; path = "Default@2x.png"; sourceTree = "<group>"; };
		5087E77517EB970100C73F5D /* Icon-114.png */ = {isa = PBXFileReference; lastKnownFileType = image.png; path = "Icon-114.png"; sourceTree = "<group>"; };
		5087E77617EB970100C73F5D /* Icon-120.png */ = {isa = PBXFileReference; lastKnownFileType = image.png; path = "Icon-120.png"; sourceTree = "<group>"; };
		5087E77717EB970100C73F5D /* Icon-144.png */ = {isa = PBXFileReference; lastKnownFileType = image.png; path = "Icon-144.png"; sourceTree = "<group>"; };
		5087E77817EB970100C73F5D /* Icon-152.png */ = {isa = PBXFileReference; lastKnownFileType = image.png; path = "Icon-152.png"; sourceTree = "<group>"; };
		5087E77917EB970100C73F5D /* Icon-57.png */ = {isa = PBXFileReference; lastKnownFileType = image.png; path = "Icon-57.png"; sourceTree = "<group>"; };
		5087E77A17EB970100C73F5D /* Icon-72.png */ = {isa = PBXFileReference; lastKnownFileType = image.png; path = "Icon-72.png"; sourceTree = "<group>"; };
		5087E77B17EB970100C73F5D /* Icon-76.png */ = {isa = PBXFileReference; lastKnownFileType = image.png; path = "Icon-76.png"; sourceTree = "<group>"; };
		5087E77C17EB970100C73F5D /* Info.plist */ = {isa = PBXFileReference; fileEncoding = 4; lastKnownFileType = text.plist.xml; path = Info.plist; sourceTree = "<group>"; };
		5087E78817EB974C00C73F5D /* AppKit.framework */ = {isa = PBXFileReference; lastKnownFileType = wrapper.framework; name = AppKit.framework; path = System/Library/Frameworks/AppKit.framework; sourceTree = SDKROOT; };
		5087E78A17EB975400C73F5D /* OpenGL.framework */ = {isa = PBXFileReference; lastKnownFileType = wrapper.framework; name = OpenGL.framework; path = System/Library/Frameworks/OpenGL.framework; sourceTree = SDKROOT; };
		50EF629217ECD46A001EB2F8 /* Icon-40.png */ = {isa = PBXFileReference; lastKnownFileType = image.png; path = "Icon-40.png"; sourceTree = "<group>"; };
		50EF629317ECD46A001EB2F8 /* Icon-58.png */ = {isa = PBXFileReference; lastKnownFileType = image.png; path = "Icon-58.png"; sourceTree = "<group>"; };
		50EF629417ECD46A001EB2F8 /* Icon-80.png */ = {isa = PBXFileReference; lastKnownFileType = image.png; path = "Icon-80.png"; sourceTree = "<group>"; };
		50EF629517ECD46A001EB2F8 /* Icon-100.png */ = {isa = PBXFileReference; lastKnownFileType = image.png; path = "Icon-100.png"; sourceTree = "<group>"; };
		50EF62A017ECD613001EB2F8 /* Icon-29.png */ = {isa = PBXFileReference; lastKnownFileType = image.png; path = "Icon-29.png"; sourceTree = "<group>"; };
		50EF62A117ECD613001EB2F8 /* Icon-50.png */ = {isa = PBXFileReference; lastKnownFileType = image.png; path = "Icon-50.png"; sourceTree = "<group>"; };
		8900CCD01977B37A0069F670 /* tileC2.png */ = {isa = PBXFileReference; lastKnownFileType = image.png; path = tileC2.png; sourceTree = "<group>"; };
		8900CCD41977B68B0069F670 /* background.png */ = {isa = PBXFileReference; lastKnownFileType = image.png; path = background.png; sourceTree = "<group>"; };
		89068F50195002450003B243 /* BattleWorld.cpp */ = {isa = PBXFileReference; fileEncoding = 4; lastKnownFileType = sourcecode.cpp.cpp; path = BattleWorld.cpp; sourceTree = "<group>"; };
		89068F51195002450003B243 /* BattleWorld.h */ = {isa = PBXFileReference; fileEncoding = 4; lastKnownFileType = sourcecode.c.h; path = BattleWorld.h; sourceTree = "<group>"; };
		8909A5BA197F8B3D00384F45 /* charactor.plist */ = {isa = PBXFileReference; fileEncoding = 4; lastKnownFileType = text.plist.xml; path = charactor.plist; sourceTree = "<group>"; };
		891B6DF81975034600549E61 /* enemy.png */ = {isa = PBXFileReference; lastKnownFileType = image.png; path = enemy.png; sourceTree = "<group>"; };
		891B6DFA1975172400549E61 /* img4.png */ = {isa = PBXFileReference; lastKnownFileType = image.png; path = img4.png; sourceTree = "<group>"; };
		89403C95195045C400345BA9 /* picojson.h */ = {isa = PBXFileReference; fileEncoding = 4; lastKnownFileType = sourcecode.c.h; path = picojson.h; sourceTree = "<group>"; };
		89403C9C1950468800345BA9 /* JSON.cpp */ = {isa = PBXFileReference; fileEncoding = 4; lastKnownFileType = sourcecode.cpp.cpp; path = JSON.cpp; sourceTree = "<group>"; };
		89403C9D1950468800345BA9 /* JSON.h */ = {isa = PBXFileReference; fileEncoding = 4; lastKnownFileType = sourcecode.c.h; path = JSON.h; sourceTree = "<group>"; };
		89403C9F1951882500345BA9 /* img3.png */ = {isa = PBXFileReference; lastKnownFileType = image.png; path = img3.png; sourceTree = "<group>"; };
		89403CA01951882500345BA9 /* img1.png */ = {isa = PBXFileReference; lastKnownFileType = image.png; path = img1.png; sourceTree = "<group>"; };
		89403CA11951882500345BA9 /* img2.png */ = {isa = PBXFileReference; lastKnownFileType = image.png; path = img2.png; sourceTree = "<group>"; };
		89403CA719518E3700345BA9 /* ShaderSprite.cpp */ = {isa = PBXFileReference; fileEncoding = 4; lastKnownFileType = sourcecode.cpp.cpp; name = ShaderSprite.cpp; path = ../Classes/ShaderSprite.cpp; sourceTree = "<group>"; };
		89403CA819518E3700345BA9 /* ShaderSprite.h */ = {isa = PBXFileReference; fileEncoding = 4; lastKnownFileType = sourcecode.c.h; name = ShaderSprite.h; path = ../Classes/ShaderSprite.h; sourceTree = "<group>"; };
		89403CAB1951904600345BA9 /* tansparentshader.h */ = {isa = PBXFileReference; lastKnownFileType = sourcecode.c.h; name = tansparentshader.h; path = ../Classes/tansparentshader.h; sourceTree = "<group>"; };
		89CED8BB19486A0D0065CBFC /* A Damn Mess.ttf */ = {isa = PBXFileReference; lastKnownFileType = file; path = "A Damn Mess.ttf"; sourceTree = "<group>"; };
		89CED8BC19486A0D0065CBFC /* Abberancy.ttf */ = {isa = PBXFileReference; lastKnownFileType = file; path = Abberancy.ttf; sourceTree = "<group>"; };
		89CED8BD19486A0D0065CBFC /* Abduction.ttf */ = {isa = PBXFileReference; lastKnownFileType = file; path = Abduction.ttf; sourceTree = "<group>"; };
		89CED8BE19486A0D0065CBFC /* American Typewriter.ttf */ = {isa = PBXFileReference; lastKnownFileType = file; path = "American Typewriter.ttf"; sourceTree = "<group>"; };
		89CED8BF19486A0D0065CBFC /* arial-26-en-ru.fnt */ = {isa = PBXFileReference; fileEncoding = 4; lastKnownFileType = text; path = "arial-26-en-ru.fnt"; sourceTree = "<group>"; };
		89CED8C019486A0D0065CBFC /* arial-26-en-ru_0.png */ = {isa = PBXFileReference; lastKnownFileType = image.png; path = "arial-26-en-ru_0.png"; sourceTree = "<group>"; };
		89CED8C119486A0D0065CBFC /* arial-unicode-26.fnt */ = {isa = PBXFileReference; fileEncoding = 4; lastKnownFileType = text; path = "arial-unicode-26.fnt"; sourceTree = "<group>"; };
		89CED8C219486A0D0065CBFC /* arial-unicode-26.GlyphProject */ = {isa = PBXFileReference; lastKnownFileType = file.bplist; path = "arial-unicode-26.GlyphProject"; sourceTree = "<group>"; };
		89CED8C319486A0D0065CBFC /* arial-unicode-26.png */ = {isa = PBXFileReference; lastKnownFileType = image.png; path = "arial-unicode-26.png"; sourceTree = "<group>"; };
		89CED8C419486A0D0065CBFC /* arial.ttf */ = {isa = PBXFileReference; lastKnownFileType = file; path = arial.ttf; sourceTree = "<group>"; };
		89CED8C519486A0D0065CBFC /* arial16.fnt */ = {isa = PBXFileReference; fileEncoding = 4; lastKnownFileType = text; path = arial16.fnt; sourceTree = "<group>"; };
		89CED8C619486A0D0065CBFC /* arial16.png */ = {isa = PBXFileReference; lastKnownFileType = image.png; path = arial16.png; sourceTree = "<group>"; };
		89CED8C719486A0D0065CBFC /* bitmapFontChinese.fnt */ = {isa = PBXFileReference; fileEncoding = 4; lastKnownFileType = text; path = bitmapFontChinese.fnt; sourceTree = "<group>"; };
		89CED8C819486A0D0065CBFC /* bitmapFontChinese.png */ = {isa = PBXFileReference; lastKnownFileType = image.png; path = bitmapFontChinese.png; sourceTree = "<group>"; };
		89CED8C919486A0D0065CBFC /* bitmapFontTest.fnt */ = {isa = PBXFileReference; fileEncoding = 4; lastKnownFileType = text; path = bitmapFontTest.fnt; sourceTree = "<group>"; };
		89CED8CA19486A0D0065CBFC /* bitmapFontTest.png */ = {isa = PBXFileReference; lastKnownFileType = image.png; path = bitmapFontTest.png; sourceTree = "<group>"; };
		89CED8CB19486A0D0065CBFC /* bitmapFontTest2.bmp */ = {isa = PBXFileReference; lastKnownFileType = image.bmp; path = bitmapFontTest2.bmp; sourceTree = "<group>"; };
		89CED8CC19486A0D0065CBFC /* bitmapFontTest2.fnt */ = {isa = PBXFileReference; fileEncoding = 4; lastKnownFileType = text; path = bitmapFontTest2.fnt; sourceTree = "<group>"; };
		89CED8CD19486A0D0065CBFC /* bitmapFontTest2.png */ = {isa = PBXFileReference; lastKnownFileType = image.png; path = bitmapFontTest2.png; sourceTree = "<group>"; };
		89CED8CE19486A0D0065CBFC /* bitmapFontTest3.fnt */ = {isa = PBXFileReference; fileEncoding = 4; lastKnownFileType = text; path = bitmapFontTest3.fnt; sourceTree = "<group>"; };
		89CED8CF19486A0D0065CBFC /* bitmapFontTest3.png */ = {isa = PBXFileReference; lastKnownFileType = image.png; path = bitmapFontTest3.png; sourceTree = "<group>"; };
		89CED8D019486A0D0065CBFC /* bitmapFontTest4.fnt */ = {isa = PBXFileReference; fileEncoding = 4; lastKnownFileType = text; path = bitmapFontTest4.fnt; sourceTree = "<group>"; };
		89CED8D119486A0D0065CBFC /* bitmapFontTest4.png */ = {isa = PBXFileReference; lastKnownFileType = image.png; path = bitmapFontTest4.png; sourceTree = "<group>"; };
		89CED8D219486A0D0065CBFC /* bitmapFontTest5.fnt */ = {isa = PBXFileReference; fileEncoding = 4; lastKnownFileType = text; path = bitmapFontTest5.fnt; sourceTree = "<group>"; };
		89CED8D319486A0D0065CBFC /* bitmapFontTest5.png */ = {isa = PBXFileReference; lastKnownFileType = image.png; path = bitmapFontTest5.png; sourceTree = "<group>"; };
		89CED8D419486A0D0065CBFC /* boundsTestFont.fnt */ = {isa = PBXFileReference; fileEncoding = 4; lastKnownFileType = text; path = boundsTestFont.fnt; sourceTree = "<group>"; };
		89CED8D519486A0D0065CBFC /* boundsTestFont.png */ = {isa = PBXFileReference; lastKnownFileType = image.png; path = boundsTestFont.png; sourceTree = "<group>"; };
		89CED8D619486A0D0065CBFC /* Courier New.ttf */ = {isa = PBXFileReference; lastKnownFileType = file; path = "Courier New.ttf"; sourceTree = "<group>"; };
		89CED8D719486A0D0065CBFC /* cyril.ttf */ = {isa = PBXFileReference; lastKnownFileType = file; path = cyril.ttf; sourceTree = "<group>"; };
		89CED8D819486A0D0065CBFC /* cyrillic.ttf */ = {isa = PBXFileReference; lastKnownFileType = file; path = cyrillic.ttf; sourceTree = "<group>"; };
		89CED8D919486A0D0065CBFC /* font-issue1343-hd.fnt */ = {isa = PBXFileReference; fileEncoding = 4; lastKnownFileType = text; path = "font-issue1343-hd.fnt"; sourceTree = "<group>"; };
		89CED8DA19486A0D0065CBFC /* font-issue1343-hd.png */ = {isa = PBXFileReference; lastKnownFileType = image.png; path = "font-issue1343-hd.png"; sourceTree = "<group>"; };
		89CED8DB19486A0D0065CBFC /* font-issue1343.fnt */ = {isa = PBXFileReference; fileEncoding = 4; lastKnownFileType = text; path = "font-issue1343.fnt"; sourceTree = "<group>"; };
		89CED8DC19486A0D0065CBFC /* font-issue1343.png */ = {isa = PBXFileReference; lastKnownFileType = image.png; path = "font-issue1343.png"; sourceTree = "<group>"; };
		89CED8DD19486A0D0065CBFC /* futura-48.fnt */ = {isa = PBXFileReference; fileEncoding = 4; lastKnownFileType = text; path = "futura-48.fnt"; sourceTree = "<group>"; };
		89CED8DE19486A0D0065CBFC /* futura-48.png */ = {isa = PBXFileReference; lastKnownFileType = image.png; path = "futura-48.png"; sourceTree = "<group>"; };
		89CED8DF19486A0D0065CBFC /* geneva-32.fnt */ = {isa = PBXFileReference; fileEncoding = 4; lastKnownFileType = text; path = "geneva-32.fnt"; sourceTree = "<group>"; };
		89CED8E019486A0D0065CBFC /* helvetica-32.fnt */ = {isa = PBXFileReference; fileEncoding = 4; lastKnownFileType = text; path = "helvetica-32.fnt"; sourceTree = "<group>"; };
		89CED8E119486A0D0065CBFC /* helvetica-geneva-32.png */ = {isa = PBXFileReference; lastKnownFileType = image.png; path = "helvetica-geneva-32.png"; sourceTree = "<group>"; };
		89CED8E219486A0D0065CBFC /* Japanese.ttf */ = {isa = PBXFileReference; lastKnownFileType = file; path = Japanese.ttf; sourceTree = "<group>"; };
		89CED8E319486A0D0065CBFC /* konqa32.fnt */ = {isa = PBXFileReference; fileEncoding = 4; lastKnownFileType = text; path = konqa32.fnt; sourceTree = "<group>"; };
		89CED8E419486A0D0065CBFC /* konqa32.png */ = {isa = PBXFileReference; lastKnownFileType = image.png; path = konqa32.png; sourceTree = "<group>"; };
		89CED8E519486A0D0065CBFC /* labelatlas.png */ = {isa = PBXFileReference; lastKnownFileType = image.png; path = labelatlas.png; sourceTree = "<group>"; };
		89CED8E619486A0D0065CBFC /* larabie-16.plist */ = {isa = PBXFileReference; fileEncoding = 4; lastKnownFileType = text.plist.xml; path = "larabie-16.plist"; sourceTree = "<group>"; };
		89CED8E719486A0D0065CBFC /* larabie-16.png */ = {isa = PBXFileReference; lastKnownFileType = image.png; path = "larabie-16.png"; sourceTree = "<group>"; };
		89CED8E819486A0D0065CBFC /* Marker Felt.ttf */ = {isa = PBXFileReference; lastKnownFileType = file; path = "Marker Felt.ttf"; sourceTree = "<group>"; };
		89CED8E919486A0D0065CBFC /* markerFelt.fnt */ = {isa = PBXFileReference; fileEncoding = 4; lastKnownFileType = text; path = markerFelt.fnt; sourceTree = "<group>"; };
		89CED8EA19486A0D0065CBFC /* markerFelt.png */ = {isa = PBXFileReference; lastKnownFileType = image.png; path = markerFelt.png; sourceTree = "<group>"; };
		89CED8EB19486A0D0065CBFC /* Paint Boy.ttf */ = {isa = PBXFileReference; lastKnownFileType = file; path = "Paint Boy.ttf"; sourceTree = "<group>"; };
		89CED8EC19486A0D0065CBFC /* Roboto.bmf.fnt */ = {isa = PBXFileReference; lastKnownFileType = file; path = Roboto.bmf.fnt; sourceTree = "<group>"; };
		89CED8ED19486A0D0065CBFC /* Roboto.bmf_0.png */ = {isa = PBXFileReference; lastKnownFileType = image.png; path = Roboto.bmf_0.png; sourceTree = "<group>"; };
		89CED8EE19486A0D0065CBFC /* Schwarzwald Regular.ttf */ = {isa = PBXFileReference; lastKnownFileType = file; path = "Schwarzwald Regular.ttf"; sourceTree = "<group>"; };
		89CED8EF19486A0D0065CBFC /* Scissor Cuts.ttf */ = {isa = PBXFileReference; lastKnownFileType = file; path = "Scissor Cuts.ttf"; sourceTree = "<group>"; };
		89CED8F019486A0D0065CBFC /* strings.xml */ = {isa = PBXFileReference; fileEncoding = 4; lastKnownFileType = text.xml; path = strings.xml; sourceTree = "<group>"; };
		89CED8F119486A0D0065CBFC /* tahoma.ttf */ = {isa = PBXFileReference; lastKnownFileType = file; path = tahoma.ttf; sourceTree = "<group>"; };
		89CED8F219486A0D0065CBFC /* Thonburi.ttf */ = {isa = PBXFileReference; lastKnownFileType = file; path = Thonburi.ttf; sourceTree = "<group>"; };
		89CED8F319486A0D0065CBFC /* ThonburiBold.ttf */ = {isa = PBXFileReference; lastKnownFileType = file; path = ThonburiBold.ttf; sourceTree = "<group>"; };
		89CED8F419486A0D0065CBFC /* tuffy_bold_italic-charmap.plist */ = {isa = PBXFileReference; fileEncoding = 4; lastKnownFileType = text.plist.xml; path = "tuffy_bold_italic-charmap.plist"; sourceTree = "<group>"; };
		89CED8F519486A0D0065CBFC /* tuffy_bold_italic-charmap.png */ = {isa = PBXFileReference; lastKnownFileType = image.png; path = "tuffy_bold_italic-charmap.png"; sourceTree = "<group>"; };
		89CED8F619486A0D0065CBFC /* west_england-64.fnt */ = {isa = PBXFileReference; fileEncoding = 4; lastKnownFileType = text; path = "west_england-64.fnt"; sourceTree = "<group>"; };
		89CED8F719486A0D0065CBFC /* west_england-64.png */ = {isa = PBXFileReference; lastKnownFileType = image.png; path = "west_england-64.png"; sourceTree = "<group>"; };
		89CED939194873C40065CBFC /* BattleScene.cpp */ = {isa = PBXFileReference; fileEncoding = 4; lastKnownFileType = sourcecode.cpp.cpp; path = BattleScene.cpp; sourceTree = "<group>"; };
		89CED93A194873C40065CBFC /* BattleScene.h */ = {isa = PBXFileReference; fileEncoding = 4; lastKnownFileType = sourcecode.c.h; path = BattleScene.h; sourceTree = "<group>"; };
		89CED93F1949B2350065CBFC /* bg.png */ = {isa = PBXFileReference; lastKnownFileType = image.png; path = bg.png; sourceTree = "<group>"; };
		89D02C66194EB281004A759A /* circle.png */ = {isa = PBXFileReference; lastKnownFileType = image.png; path = circle.png; sourceTree = "<group>"; };
		89D02C6A194EB7C4004A759A /* BattleBase.h */ = {isa = PBXFileReference; fileEncoding = 4; lastKnownFileType = sourcecode.c.h; path = BattleBase.h; sourceTree = "<group>"; };
		89D02C6B194EBC8E004A759A /* TitanBase.h */ = {isa = PBXFileReference; fileEncoding = 4; lastKnownFileType = sourcecode.c.h; name = TitanBase.h; path = ../Classes/Base/TitanBase.h; sourceTree = "<group>"; };
		89D02C6D194EBCBB004A759A /* GLES-Render.cpp */ = {isa = PBXFileReference; fileEncoding = 4; lastKnownFileType = sourcecode.cpp.cpp; path = "GLES-Render.cpp"; sourceTree = "<group>"; };
		89D02C6E194EBCBB004A759A /* GLES-Render.h */ = {isa = PBXFileReference; fileEncoding = 4; lastKnownFileType = sourcecode.c.h; path = "GLES-Render.h"; sourceTree = "<group>"; };
		89F9E99F1977DCB600A60A4D /* shapes.cc */ = {isa = PBXFileReference; fileEncoding = 4; lastKnownFileType = sourcecode.cpp.cpp; path = shapes.cc; sourceTree = "<group>"; };
		89F9E9A01977DCB600A60A4D /* shapes.h */ = {isa = PBXFileReference; fileEncoding = 4; lastKnownFileType = sourcecode.c.h; path = shapes.h; sourceTree = "<group>"; };
		89F9E9A11977DCB600A60A4D /* utils.h */ = {isa = PBXFileReference; fileEncoding = 4; lastKnownFileType = sourcecode.c.h; path = utils.h; sourceTree = "<group>"; };
		89F9E9A21977DCB600A60A4D /* poly2tri.h */ = {isa = PBXFileReference; fileEncoding = 4; lastKnownFileType = sourcecode.c.h; path = poly2tri.h; sourceTree = "<group>"; };
		89F9E9A41977DCB600A60A4D /* advancing_front.cc */ = {isa = PBXFileReference; fileEncoding = 4; lastKnownFileType = sourcecode.cpp.cpp; path = advancing_front.cc; sourceTree = "<group>"; };
		89F9E9A51977DCB600A60A4D /* advancing_front.h */ = {isa = PBXFileReference; fileEncoding = 4; lastKnownFileType = sourcecode.c.h; path = advancing_front.h; sourceTree = "<group>"; };
		89F9E9A61977DCB600A60A4D /* cdt.cc */ = {isa = PBXFileReference; fileEncoding = 4; lastKnownFileType = sourcecode.cpp.cpp; path = cdt.cc; sourceTree = "<group>"; };
		89F9E9A71977DCB600A60A4D /* cdt.h */ = {isa = PBXFileReference; fileEncoding = 4; lastKnownFileType = sourcecode.c.h; path = cdt.h; sourceTree = "<group>"; };
		89F9E9A81977DCB600A60A4D /* sweep.cc */ = {isa = PBXFileReference; fileEncoding = 4; lastKnownFileType = sourcecode.cpp.cpp; path = sweep.cc; sourceTree = "<group>"; };
		89F9E9A91977DCB600A60A4D /* sweep.h */ = {isa = PBXFileReference; fileEncoding = 4; lastKnownFileType = sourcecode.c.h; path = sweep.h; sourceTree = "<group>"; };
		89F9E9AA1977DCB600A60A4D /* sweep_context.cc */ = {isa = PBXFileReference; fileEncoding = 4; lastKnownFileType = sourcecode.cpp.cpp; path = sweep_context.cc; sourceTree = "<group>"; };
		89F9E9AB1977DCB600A60A4D /* sweep_context.h */ = {isa = PBXFileReference; fileEncoding = 4; lastKnownFileType = sourcecode.c.h; path = sweep_context.h; sourceTree = "<group>"; };
		89F9E9CC197E1BEF00A60A4D /* GB2ShapeCache-x.cpp */ = {isa = PBXFileReference; fileEncoding = 4; lastKnownFileType = sourcecode.cpp.cpp; path = "GB2ShapeCache-x.cpp"; sourceTree = "<group>"; };
		89F9E9CD197E1BEF00A60A4D /* GB2ShapeCache-x.h */ = {isa = PBXFileReference; fileEncoding = 4; lastKnownFileType = sourcecode.c.h; path = "GB2ShapeCache-x.h"; sourceTree = "<group>"; };
		89F9E9D5197E1C6600A60A4D /* PhysicsEditorScene.cpp */ = {isa = PBXFileReference; fileEncoding = 4; lastKnownFileType = sourcecode.cpp.cpp; path = PhysicsEditorScene.cpp; sourceTree = "<group>"; };
		89F9E9D6197E1C6600A60A4D /* PhysicsEditorScene.h */ = {isa = PBXFileReference; fileEncoding = 4; lastKnownFileType = sourcecode.c.h; path = PhysicsEditorScene.h; sourceTree = "<group>"; };
		89FA1A2419484595006B5499 /* GameDefine.h */ = {isa = PBXFileReference; fileEncoding = 4; lastKnownFileType = sourcecode.c.h; path = GameDefine.h; sourceTree = "<group>"; };
		8C3C8F2C197AB5520044B48E /* charactor_1.png */ = {isa = PBXFileReference; lastKnownFileType = image.png; path = charactor_1.png; sourceTree = "<group>"; };
		8C7705FF1947529600270F5D /* StartScene.cpp */ = {isa = PBXFileReference; fileEncoding = 4; lastKnownFileType = sourcecode.cpp.cpp; name = StartScene.cpp; path = ../Classes/Scene/StartScene.cpp; sourceTree = "<group>"; };
		8C7706001947529600270F5D /* StartScene.h */ = {isa = PBXFileReference; fileEncoding = 4; lastKnownFileType = sourcecode.c.h; name = StartScene.h; path = ../Classes/Scene/StartScene.h; sourceTree = "<group>"; };
		8CF729D9194757490030B362 /* TitanScene.cpp */ = {isa = PBXFileReference; fileEncoding = 4; lastKnownFileType = sourcecode.cpp.cpp; name = TitanScene.cpp; path = ../Classes/Base/TitanScene.cpp; sourceTree = "<group>"; };
		8CF729DA194757490030B362 /* TitanScene.h */ = {isa = PBXFileReference; fileEncoding = 4; lastKnownFileType = sourcecode.c.h; name = TitanScene.h; path = ../Classes/Base/TitanScene.h; sourceTree = "<group>"; };
		8CF729EF19572DD10030B362 /* b2Sperator.cpp */ = {isa = PBXFileReference; fileEncoding = 4; lastKnownFileType = sourcecode.cpp.cpp; path = b2Sperator.cpp; sourceTree = "<group>"; };
		8CF729F019572DD10030B362 /* b2Sperator.h */ = {isa = PBXFileReference; fileEncoding = 4; lastKnownFileType = sourcecode.c.h; path = b2Sperator.h; sourceTree = "<group>"; };
		BF170DB012928DE900B8313A /* OpenGLES.framework */ = {isa = PBXFileReference; lastKnownFileType = wrapper.framework; name = OpenGLES.framework; path = System/Library/Frameworks/OpenGLES.framework; sourceTree = SDKROOT; };
		BF170DB412928DE900B8313A /* libz.dylib */ = {isa = PBXFileReference; lastKnownFileType = "compiled.mach-o.dylib"; name = libz.dylib; path = usr/lib/libz.dylib; sourceTree = SDKROOT; };
		BF1C47EA1293683800B63C5D /* QuartzCore.framework */ = {isa = PBXFileReference; lastKnownFileType = wrapper.framework; name = QuartzCore.framework; path = System/Library/Frameworks/QuartzCore.framework; sourceTree = SDKROOT; };
		D44C620B132DFF330009C878 /* OpenAL.framework */ = {isa = PBXFileReference; lastKnownFileType = wrapper.framework; name = OpenAL.framework; path = System/Library/Frameworks/OpenAL.framework; sourceTree = SDKROOT; };
		D44C620D132DFF430009C878 /* AVFoundation.framework */ = {isa = PBXFileReference; lastKnownFileType = wrapper.framework; name = AVFoundation.framework; path = System/Library/Frameworks/AVFoundation.framework; sourceTree = SDKROOT; };
		D44C620F132DFF4E0009C878 /* AudioToolbox.framework */ = {isa = PBXFileReference; lastKnownFileType = wrapper.framework; name = AudioToolbox.framework; path = System/Library/Frameworks/AudioToolbox.framework; sourceTree = SDKROOT; };
		D6B0611A1803AB670077942B /* CoreMotion.framework */ = {isa = PBXFileReference; lastKnownFileType = wrapper.framework; name = CoreMotion.framework; path = Platforms/iPhoneOS.platform/Developer/SDKs/iPhoneOS7.0.sdk/System/Library/Frameworks/CoreMotion.framework; sourceTree = DEVELOPER_DIR; };
/* End PBXFileReference section */

/* Begin PBXFrameworksBuildPhase section */
		1D60588F0D05DD3D006BFB54 /* Frameworks */ = {
			isa = PBXFrameworksBuildPhase;
			buildActionMask = 2147483647;
			files = (
				1AC6FB2E180E99EB004C840B /* libbox2d iOS.a in Frameworks */,
				1AC6FB2F180E99EB004C840B /* libchipmunk iOS.a in Frameworks */,
				1AC6FB30180E99EB004C840B /* libcocos2dx iOS.a in Frameworks */,
				1AC6FB31180E99EB004C840B /* libcocos2dx-extensions iOS.a in Frameworks */,
				1AC6FB32180E99EB004C840B /* libCocosDenshion iOS.a in Frameworks */,
				D6B0611B1803AB670077942B /* CoreMotion.framework in Frameworks */,
				1D60589F0D05DD5A006BFB54 /* Foundation.framework in Frameworks */,
				1DF5F4E00D08C38300B7A737 /* UIKit.framework in Frameworks */,
				288765A50DF7441C002DB57D /* CoreGraphics.framework in Frameworks */,
				BF171245129291EC00B8313A /* OpenGLES.framework in Frameworks */,
				BF1712471292920000B8313A /* libz.dylib in Frameworks */,
				BF1C47F01293687400B63C5D /* QuartzCore.framework in Frameworks */,
				D44C620C132DFF330009C878 /* OpenAL.framework in Frameworks */,
				D44C620E132DFF430009C878 /* AVFoundation.framework in Frameworks */,
				D44C6210132DFF4E0009C878 /* AudioToolbox.framework in Frameworks */,
			);
			runOnlyForDeploymentPostprocessing = 0;
		};
		5087E75C17EB910900C73F5D /* Frameworks */ = {
			isa = PBXFrameworksBuildPhase;
			buildActionMask = 2147483647;
			files = (
				1AC6FB1F180E996B004C840B /* libbox2d Mac.a in Frameworks */,
				1AC6FB20180E996B004C840B /* libchipmunk Mac.a in Frameworks */,
				1AC6FB21180E996B004C840B /* libcocos2dx Mac.a in Frameworks */,
				1AC6FB22180E996B004C840B /* libcocos2dx-extensions Mac.a in Frameworks */,
				1AC6FB23180E996B004C840B /* libCocosDenshion Mac.a in Frameworks */,
				503AE11217EB99EE00D1A890 /* libcurl.dylib in Frameworks */,
				5087E76717EB910900C73F5D /* libz.dylib in Frameworks */,
				503AE11B17EB9C5A00D1A890 /* IOKit.framework in Frameworks */,
				5087E78B17EB975400C73F5D /* OpenGL.framework in Frameworks */,
				5087E78917EB974C00C73F5D /* AppKit.framework in Frameworks */,
				5087E76317EB910900C73F5D /* Foundation.framework in Frameworks */,
				5087E76517EB910900C73F5D /* CoreGraphics.framework in Frameworks */,
				5087E76817EB910900C73F5D /* QuartzCore.framework in Frameworks */,
				5087E76917EB910900C73F5D /* OpenAL.framework in Frameworks */,
				5087E76A17EB910900C73F5D /* AVFoundation.framework in Frameworks */,
				5087E76B17EB910900C73F5D /* AudioToolbox.framework in Frameworks */,
			);
			runOnlyForDeploymentPostprocessing = 0;
		};
/* End PBXFrameworksBuildPhase section */

/* Begin PBXGroup section */
		080E96DDFE201D6D7F000001 /* ios */ = {
			isa = PBXGroup;
			children = (
				5087E77117EB970100C73F5D /* Icons */,
				503AE0FA17EB989F00D1A890 /* AppController.h */,
				503AE0FB17EB989F00D1A890 /* AppController.mm */,
				503AE0FC17EB989F00D1A890 /* main.m */,
				503AE0FD17EB989F00D1A890 /* Prefix.pch */,
				503AE0FE17EB989F00D1A890 /* RootViewController.h */,
				503AE0FF17EB989F00D1A890 /* RootViewController.mm */,
			);
			name = ios;
			path = Classes;
			sourceTree = "<group>";
		};
		15AA9C4015B7EC450033D6C2 /* Classes */ = {
			isa = PBXGroup;
			children = (
				89D02C6C194EBCBB004A759A /* 3rdParty */,
				89FA1A2219484341006B5499 /* Common */,
				8CF729D6194757040030B362 /* Base */,
				8C770604194752BA00270F5D /* Scene */,
				1AFAF8B316D35DE700DB1158 /* AppDelegate.cpp */,
				1AFAF8B416D35DE700DB1158 /* AppDelegate.h */,
			);
			name = Classes;
			path = ../classes;
			sourceTree = "<group>";
		};
		19C28FACFE9D520D11CA2CBB /* Products */ = {
			isa = PBXGroup;
			children = (
				1D6058910D05DD3D006BFB54 /* Titan iOS.app */,
				5087E76F17EB910900C73F5D /* Titan Mac.app */,
			);
			name = Products;
			sourceTree = "<group>";
		};
		1AC6FAE6180E9839004C840B /* Products */ = {
			isa = PBXGroup;
			children = (
				1AC6FAF9180E9839004C840B /* libcocos2dx Mac.a */,
				1AC6FAFB180E9839004C840B /* libcocos2dx-extensions Mac.a */,
				1AC6FAFD180E9839004C840B /* libchipmunk Mac.a */,
				1AC6FAFF180E9839004C840B /* libbox2d Mac.a */,
				1AC6FB01180E9839004C840B /* libCocosDenshion Mac.a */,
				1AC6FB07180E9839004C840B /* libcocos2dx iOS.a */,
				1AC6FB09180E9839004C840B /* libcocos2dx-extensions iOS.a */,
				1AC6FB0B180E9839004C840B /* libchipmunk iOS.a */,
				1AC6FB0D180E9839004C840B /* libbox2d iOS.a */,
				1AC6FB0F180E9839004C840B /* libCocosDenshion iOS.a */,
			);
			name = Products;
			sourceTree = "<group>";
		};
		29B97314FDCFA39411CA2CEA /* CustomTemplate */ = {
			isa = PBXGroup;
			children = (
				1AC6FAE5180E9839004C840B /* cocos2d_libs.xcodeproj */,
				15AA9C4015B7EC450033D6C2 /* Classes */,
				29B97323FDCFA39411CA2CEA /* Frameworks */,
				080E96DDFE201D6D7F000001 /* ios */,
				503AE10617EB990700D1A890 /* mac */,
				19C28FACFE9D520D11CA2CBB /* Products */,
				78C7DDAA14EBA5050085D0C2 /* Resources */,
			);
			name = CustomTemplate;
			sourceTree = "<group>";
		};
		29B97323FDCFA39411CA2CEA /* Frameworks */ = {
			isa = PBXGroup;
			children = (
				D6B0611A1803AB670077942B /* CoreMotion.framework */,
				503AE11A17EB9C5A00D1A890 /* IOKit.framework */,
				503AE11117EB99EE00D1A890 /* libcurl.dylib */,
				5087E78A17EB975400C73F5D /* OpenGL.framework */,
				5087E78817EB974C00C73F5D /* AppKit.framework */,
				1ACB3243164770DE00914215 /* libcurl.a */,
				BF170DB412928DE900B8313A /* libz.dylib */,
				D44C620F132DFF4E0009C878 /* AudioToolbox.framework */,
				D44C620D132DFF430009C878 /* AVFoundation.framework */,
				288765A40DF7441C002DB57D /* CoreGraphics.framework */,
				1D30AB110D05D00D00671497 /* Foundation.framework */,
				D44C620B132DFF330009C878 /* OpenAL.framework */,
				BF170DB012928DE900B8313A /* OpenGLES.framework */,
				BF1C47EA1293683800B63C5D /* QuartzCore.framework */,
				1DF5F4DF0D08C38300B7A737 /* UIKit.framework */,
			);
			name = Frameworks;
			sourceTree = "<group>";
		};
		503AE0F517EB97AB00D1A890 /* Icons */ = {
			isa = PBXGroup;
			children = (
				503AE0F617EB97AB00D1A890 /* Icon.icns */,
				503AE0F717EB97AB00D1A890 /* Info.plist */,
			);
			name = Icons;
			path = mac;
			sourceTree = SOURCE_ROOT;
		};
		503AE10617EB990700D1A890 /* mac */ = {
			isa = PBXGroup;
			children = (
				503AE0F517EB97AB00D1A890 /* Icons */,
				503AE10317EB98FF00D1A890 /* main.cpp */,
				503AE10417EB98FF00D1A890 /* Prefix.pch */,
			);
			name = mac;
			sourceTree = "<group>";
		};
		5087E77117EB970100C73F5D /* Icons */ = {
			isa = PBXGroup;
			children = (
				5087E77217EB970100C73F5D /* Default-568h@2x.png */,
				5087E77317EB970100C73F5D /* Default.png */,
				5087E77417EB970100C73F5D /* Default@2x.png */,
				50EF62A017ECD613001EB2F8 /* Icon-29.png */,
				50EF62A117ECD613001EB2F8 /* Icon-50.png */,
				50EF629217ECD46A001EB2F8 /* Icon-40.png */,
				50EF629317ECD46A001EB2F8 /* Icon-58.png */,
				50EF629417ECD46A001EB2F8 /* Icon-80.png */,
				50EF629517ECD46A001EB2F8 /* Icon-100.png */,
				5087E77517EB970100C73F5D /* Icon-114.png */,
				5087E77617EB970100C73F5D /* Icon-120.png */,
				5087E77717EB970100C73F5D /* Icon-144.png */,
				5087E77817EB970100C73F5D /* Icon-152.png */,
				5087E77917EB970100C73F5D /* Icon-57.png */,
				5087E77A17EB970100C73F5D /* Icon-72.png */,
				5087E77B17EB970100C73F5D /* Icon-76.png */,
				5087E77C17EB970100C73F5D /* Info.plist */,
			);
			name = Icons;
			path = ios;
			sourceTree = SOURCE_ROOT;
		};
		78C7DDAA14EBA5050085D0C2 /* Resources */ = {
			isa = PBXGroup;
			children = (
				8909A5BA197F8B3D00384F45 /* charactor.plist */,
				8C3C8F2C197AB5520044B48E /* charactor_1.png */,
				8900CCD41977B68B0069F670 /* background.png */,
				8900CCD01977B37A0069F670 /* tileC2.png */,
				891B6DFA1975172400549E61 /* img4.png */,
				891B6DF81975034600549E61 /* enemy.png */,
				89403C9F1951882500345BA9 /* img3.png */,
				89403CA01951882500345BA9 /* img1.png */,
				89403CA11951882500345BA9 /* img2.png */,
				89D02C66194EB281004A759A /* circle.png */,
				89CED93F1949B2350065CBFC /* bg.png */,
				89CED8BA19486A0D0065CBFC /* fonts */,
				1AFAF8BA16D35E4900DB1158 /* CloseSelected.png */,
				1AFAF8BB16D35E4900DB1158 /* HelloWorld.png */,
				1AFAF8B916D35E4900DB1158 /* CloseNormal.png */,
			);
			name = Resources;
			path = ../Resources;
			sourceTree = "<group>";
		};
		89403C94195045C400345BA9 /* picojson */ = {
			isa = PBXGroup;
			children = (
				89403C95195045C400345BA9 /* picojson.h */,
			);
			path = picojson;
			sourceTree = "<group>";
		};
		89CED8BA19486A0D0065CBFC /* fonts */ = {
			isa = PBXGroup;
			children = (
				89CED8BB19486A0D0065CBFC /* A Damn Mess.ttf */,
				89CED8BC19486A0D0065CBFC /* Abberancy.ttf */,
				89CED8BD19486A0D0065CBFC /* Abduction.ttf */,
				89CED8BE19486A0D0065CBFC /* American Typewriter.ttf */,
				89CED8BF19486A0D0065CBFC /* arial-26-en-ru.fnt */,
				89CED8C019486A0D0065CBFC /* arial-26-en-ru_0.png */,
				89CED8C119486A0D0065CBFC /* arial-unicode-26.fnt */,
				89CED8C219486A0D0065CBFC /* arial-unicode-26.GlyphProject */,
				89CED8C319486A0D0065CBFC /* arial-unicode-26.png */,
				89CED8C419486A0D0065CBFC /* arial.ttf */,
				89CED8C519486A0D0065CBFC /* arial16.fnt */,
				89CED8C619486A0D0065CBFC /* arial16.png */,
				89CED8C719486A0D0065CBFC /* bitmapFontChinese.fnt */,
				89CED8C819486A0D0065CBFC /* bitmapFontChinese.png */,
				89CED8C919486A0D0065CBFC /* bitmapFontTest.fnt */,
				89CED8CA19486A0D0065CBFC /* bitmapFontTest.png */,
				89CED8CB19486A0D0065CBFC /* bitmapFontTest2.bmp */,
				89CED8CC19486A0D0065CBFC /* bitmapFontTest2.fnt */,
				89CED8CD19486A0D0065CBFC /* bitmapFontTest2.png */,
				89CED8CE19486A0D0065CBFC /* bitmapFontTest3.fnt */,
				89CED8CF19486A0D0065CBFC /* bitmapFontTest3.png */,
				89CED8D019486A0D0065CBFC /* bitmapFontTest4.fnt */,
				89CED8D119486A0D0065CBFC /* bitmapFontTest4.png */,
				89CED8D219486A0D0065CBFC /* bitmapFontTest5.fnt */,
				89CED8D319486A0D0065CBFC /* bitmapFontTest5.png */,
				89CED8D419486A0D0065CBFC /* boundsTestFont.fnt */,
				89CED8D519486A0D0065CBFC /* boundsTestFont.png */,
				89CED8D619486A0D0065CBFC /* Courier New.ttf */,
				89CED8D719486A0D0065CBFC /* cyril.ttf */,
				89CED8D819486A0D0065CBFC /* cyrillic.ttf */,
				89CED8D919486A0D0065CBFC /* font-issue1343-hd.fnt */,
				89CED8DA19486A0D0065CBFC /* font-issue1343-hd.png */,
				89CED8DB19486A0D0065CBFC /* font-issue1343.fnt */,
				89CED8DC19486A0D0065CBFC /* font-issue1343.png */,
				89CED8DD19486A0D0065CBFC /* futura-48.fnt */,
				89CED8DE19486A0D0065CBFC /* futura-48.png */,
				89CED8DF19486A0D0065CBFC /* geneva-32.fnt */,
				89CED8E019486A0D0065CBFC /* helvetica-32.fnt */,
				89CED8E119486A0D0065CBFC /* helvetica-geneva-32.png */,
				89CED8E219486A0D0065CBFC /* Japanese.ttf */,
				89CED8E319486A0D0065CBFC /* konqa32.fnt */,
				89CED8E419486A0D0065CBFC /* konqa32.png */,
				89CED8E519486A0D0065CBFC /* labelatlas.png */,
				89CED8E619486A0D0065CBFC /* larabie-16.plist */,
				89CED8E719486A0D0065CBFC /* larabie-16.png */,
				89CED8E819486A0D0065CBFC /* Marker Felt.ttf */,
				89CED8E919486A0D0065CBFC /* markerFelt.fnt */,
				89CED8EA19486A0D0065CBFC /* markerFelt.png */,
				89CED8EB19486A0D0065CBFC /* Paint Boy.ttf */,
				89CED8EC19486A0D0065CBFC /* Roboto.bmf.fnt */,
				89CED8ED19486A0D0065CBFC /* Roboto.bmf_0.png */,
				89CED8EE19486A0D0065CBFC /* Schwarzwald Regular.ttf */,
				89CED8EF19486A0D0065CBFC /* Scissor Cuts.ttf */,
				89CED8F019486A0D0065CBFC /* strings.xml */,
				89CED8F119486A0D0065CBFC /* tahoma.ttf */,
				89CED8F219486A0D0065CBFC /* Thonburi.ttf */,
				89CED8F319486A0D0065CBFC /* ThonburiBold.ttf */,
				89CED8F419486A0D0065CBFC /* tuffy_bold_italic-charmap.plist */,
				89CED8F519486A0D0065CBFC /* tuffy_bold_italic-charmap.png */,
				89CED8F619486A0D0065CBFC /* west_england-64.fnt */,
				89CED8F719486A0D0065CBFC /* west_england-64.png */,
			);
			path = fonts;
			sourceTree = "<group>";
		};
		89CED938194873AB0065CBFC /* BattleScene */ = {
			isa = PBXGroup;
			children = (
				89CED939194873C40065CBFC /* BattleScene.cpp */,
				89CED93A194873C40065CBFC /* BattleScene.h */,
				89D02C6A194EB7C4004A759A /* BattleBase.h */,
				89068F50195002450003B243 /* BattleWorld.cpp */,
				89068F51195002450003B243 /* BattleWorld.h */,
				8CF729EF19572DD10030B362 /* b2Sperator.cpp */,
				8CF729F019572DD10030B362 /* b2Sperator.h */,
			);
			name = BattleScene;
			path = ../Classes/Scene/BattleScene;
			sourceTree = "<group>";
		};
		89D02C6C194EBCBB004A759A /* 3rdParty */ = {
			isa = PBXGroup;
			children = (
				89F9E9CB197E1BEF00A60A4D /* generic-box2d-plist */,
				89F9E99D1977DCB600A60A4D /* poly2tri */,
				89403C94195045C400345BA9 /* picojson */,
				89D02C6D194EBCBB004A759A /* GLES-Render.cpp */,
				89D02C6E194EBCBB004A759A /* GLES-Render.h */,
			);
			name = 3rdParty;
			path = ../Classes/3rdParty;
			sourceTree = "<group>";
		};
		89F9E99D1977DCB600A60A4D /* poly2tri */ = {
			isa = PBXGroup;
			children = (
				89F9E99E1977DCB600A60A4D /* common */,
				89F9E9A21977DCB600A60A4D /* poly2tri.h */,
				89F9E9A31977DCB600A60A4D /* sweep */,
			);
			path = poly2tri;
			sourceTree = "<group>";
		};
		89F9E99E1977DCB600A60A4D /* common */ = {
			isa = PBXGroup;
			children = (
				89F9E99F1977DCB600A60A4D /* shapes.cc */,
				89F9E9A01977DCB600A60A4D /* shapes.h */,
				89F9E9A11977DCB600A60A4D /* utils.h */,
			);
			path = common;
			sourceTree = "<group>";
		};
		89F9E9A31977DCB600A60A4D /* sweep */ = {
			isa = PBXGroup;
			children = (
				89F9E9A41977DCB600A60A4D /* advancing_front.cc */,
				89F9E9A51977DCB600A60A4D /* advancing_front.h */,
				89F9E9A61977DCB600A60A4D /* cdt.cc */,
				89F9E9A71977DCB600A60A4D /* cdt.h */,
				89F9E9A81977DCB600A60A4D /* sweep.cc */,
				89F9E9A91977DCB600A60A4D /* sweep.h */,
				89F9E9AA1977DCB600A60A4D /* sweep_context.cc */,
				89F9E9AB1977DCB600A60A4D /* sweep_context.h */,
			);
			path = sweep;
			sourceTree = "<group>";
		};
		89F9E9CB197E1BEF00A60A4D /* generic-box2d-plist */ = {
			isa = PBXGroup;
			children = (
				89F9E9CC197E1BEF00A60A4D /* GB2ShapeCache-x.cpp */,
				89F9E9CD197E1BEF00A60A4D /* GB2ShapeCache-x.h */,
			);
			path = "generic-box2d-plist";
			sourceTree = "<group>";
		};
		89F9E9D4197E1C6600A60A4D /* PhysicsEditorScene */ = {
			isa = PBXGroup;
			children = (
				89F9E9D5197E1C6600A60A4D /* PhysicsEditorScene.cpp */,
				89F9E9D6197E1C6600A60A4D /* PhysicsEditorScene.h */,
			);
			name = PhysicsEditorScene;
			path = ../Classes/Scene/PhysicsEditorScene;
			sourceTree = "<group>";
		};
		89FA1A2219484341006B5499 /* Common */ = {
			isa = PBXGroup;
			children = (
				89FA1A2419484595006B5499 /* GameDefine.h */,
				89403C9C1950468800345BA9 /* JSON.cpp */,
				89403C9D1950468800345BA9 /* JSON.h */,
			);
			name = Common;
			path = ../Classes/Common;
			sourceTree = "<group>";
		};
		8C770604194752BA00270F5D /* Scene */ = {
			isa = PBXGroup;
			children = (
				89F9E9D4197E1C6600A60A4D /* PhysicsEditorScene */,
				8CE0EAFC197B5C57003453AF /* DebugScene */,
				89CED938194873AB0065CBFC /* BattleScene */,
				8C7705FF1947529600270F5D /* StartScene.cpp */,
				8C7706001947529600270F5D /* StartScene.h */,
			);
			name = Scene;
			sourceTree = "<group>";
		};
		8CE0EAFC197B5C57003453AF /* DebugScene */ = {
			isa = PBXGroup;
			children = (
			);
			path = DebugScene;
			sourceTree = "<group>";
		};
		8CF729D6194757040030B362 /* Base */ = {
			isa = PBXGroup;
			children = (
				89D02C6B194EBC8E004A759A /* TitanBase.h */,
				8CF729D9194757490030B362 /* TitanScene.cpp */,
				8CF729DA194757490030B362 /* TitanScene.h */,
				89403CA719518E3700345BA9 /* ShaderSprite.cpp */,
				89403CA819518E3700345BA9 /* ShaderSprite.h */,
				89403CAB1951904600345BA9 /* tansparentshader.h */,
			);
			name = Base;
			sourceTree = "<group>";
		};
/* End PBXGroup section */

/* Begin PBXNativeTarget section */
		1D6058900D05DD3D006BFB54 /* Titan iOS */ = {
			isa = PBXNativeTarget;
			buildConfigurationList = 1D6058960D05DD3E006BFB54 /* Build configuration list for PBXNativeTarget "Titan iOS" */;
			buildPhases = (
				1D60588D0D05DD3D006BFB54 /* Resources */,
				1D60588E0D05DD3D006BFB54 /* Sources */,
				1D60588F0D05DD3D006BFB54 /* Frameworks */,
			);
			buildRules = (
			);
			dependencies = (
				1AC6FB25180E99E1004C840B /* PBXTargetDependency */,
				1AC6FB27180E99E1004C840B /* PBXTargetDependency */,
				1AC6FB29180E99E1004C840B /* PBXTargetDependency */,
				1AC6FB2B180E99E1004C840B /* PBXTargetDependency */,
				1AC6FB2D180E99E1004C840B /* PBXTargetDependency */,
			);
			name = "Titan iOS";
			productName = iphone;
			productReference = 1D6058910D05DD3D006BFB54 /* Titan iOS.app */;
			productType = "com.apple.product-type.application";
		};
		5087E73D17EB910900C73F5D /* Titan Mac */ = {
			isa = PBXNativeTarget;
			buildConfigurationList = 5087E76C17EB910900C73F5D /* Build configuration list for PBXNativeTarget "Titan Mac" */;
			buildPhases = (
				5087E74817EB910900C73F5D /* Resources */,
				5087E75617EB910900C73F5D /* Sources */,
				5087E75C17EB910900C73F5D /* Frameworks */,
			);
			buildRules = (
			);
			dependencies = (
				1AC6FB1E180E9963004C840B /* PBXTargetDependency */,
				1AC6FB16180E9959004C840B /* PBXTargetDependency */,
				1AC6FB18180E9959004C840B /* PBXTargetDependency */,
				1AC6FB1A180E9959004C840B /* PBXTargetDependency */,
				1AC6FB1C180E9959004C840B /* PBXTargetDependency */,
			);
			name = "Titan Mac";
			productName = iphone;
			productReference = 5087E76F17EB910900C73F5D /* Titan Mac.app */;
			productType = "com.apple.product-type.application";
		};
/* End PBXNativeTarget section */

/* Begin PBXProject section */
		29B97313FDCFA39411CA2CEA /* Project object */ = {
			isa = PBXProject;
			attributes = {
				LastUpgradeCheck = 0500;
				TargetAttributes = {
					1D6058900D05DD3D006BFB54 = {
						DevelopmentTeam = MDDB52YB8L;
					};
				};
			};
			buildConfigurationList = C01FCF4E08A954540054247B /* Build configuration list for PBXProject "Titan" */;
			compatibilityVersion = "Xcode 3.2";
			developmentRegion = English;
			hasScannedForEncodings = 1;
			knownRegions = (
				English,
				Japanese,
				French,
				German,
			);
			mainGroup = 29B97314FDCFA39411CA2CEA /* CustomTemplate */;
			projectDirPath = "";
			projectReferences = (
				{
					ProductGroup = 1AC6FAE6180E9839004C840B /* Products */;
					ProjectRef = 1AC6FAE5180E9839004C840B /* cocos2d_libs.xcodeproj */;
				},
			);
			projectRoot = "";
			targets = (
				1D6058900D05DD3D006BFB54 /* Titan iOS */,
				5087E73D17EB910900C73F5D /* Titan Mac */,
			);
		};
/* End PBXProject section */

/* Begin PBXReferenceProxy section */
		1AC6FAF9180E9839004C840B /* libcocos2dx Mac.a */ = {
			isa = PBXReferenceProxy;
			fileType = archive.ar;
			path = "libcocos2dx Mac.a";
			remoteRef = 1AC6FAF8180E9839004C840B /* PBXContainerItemProxy */;
			sourceTree = BUILT_PRODUCTS_DIR;
		};
		1AC6FAFB180E9839004C840B /* libcocos2dx-extensions Mac.a */ = {
			isa = PBXReferenceProxy;
			fileType = archive.ar;
			path = "libcocos2dx-extensions Mac.a";
			remoteRef = 1AC6FAFA180E9839004C840B /* PBXContainerItemProxy */;
			sourceTree = BUILT_PRODUCTS_DIR;
		};
		1AC6FAFD180E9839004C840B /* libchipmunk Mac.a */ = {
			isa = PBXReferenceProxy;
			fileType = archive.ar;
			path = "libchipmunk Mac.a";
			remoteRef = 1AC6FAFC180E9839004C840B /* PBXContainerItemProxy */;
			sourceTree = BUILT_PRODUCTS_DIR;
		};
		1AC6FAFF180E9839004C840B /* libbox2d Mac.a */ = {
			isa = PBXReferenceProxy;
			fileType = archive.ar;
			path = "libbox2d Mac.a";
			remoteRef = 1AC6FAFE180E9839004C840B /* PBXContainerItemProxy */;
			sourceTree = BUILT_PRODUCTS_DIR;
		};
		1AC6FB01180E9839004C840B /* libCocosDenshion Mac.a */ = {
			isa = PBXReferenceProxy;
			fileType = archive.ar;
			path = "libCocosDenshion Mac.a";
			remoteRef = 1AC6FB00180E9839004C840B /* PBXContainerItemProxy */;
			sourceTree = BUILT_PRODUCTS_DIR;
		};
		1AC6FB07180E9839004C840B /* libcocos2dx iOS.a */ = {
			isa = PBXReferenceProxy;
			fileType = archive.ar;
			path = "libcocos2dx iOS.a";
			remoteRef = 1AC6FB06180E9839004C840B /* PBXContainerItemProxy */;
			sourceTree = BUILT_PRODUCTS_DIR;
		};
		1AC6FB09180E9839004C840B /* libcocos2dx-extensions iOS.a */ = {
			isa = PBXReferenceProxy;
			fileType = archive.ar;
			path = "libcocos2dx-extensions iOS.a";
			remoteRef = 1AC6FB08180E9839004C840B /* PBXContainerItemProxy */;
			sourceTree = BUILT_PRODUCTS_DIR;
		};
		1AC6FB0B180E9839004C840B /* libchipmunk iOS.a */ = {
			isa = PBXReferenceProxy;
			fileType = archive.ar;
			path = "libchipmunk iOS.a";
			remoteRef = 1AC6FB0A180E9839004C840B /* PBXContainerItemProxy */;
			sourceTree = BUILT_PRODUCTS_DIR;
		};
		1AC6FB0D180E9839004C840B /* libbox2d iOS.a */ = {
			isa = PBXReferenceProxy;
			fileType = archive.ar;
			path = "libbox2d iOS.a";
			remoteRef = 1AC6FB0C180E9839004C840B /* PBXContainerItemProxy */;
			sourceTree = BUILT_PRODUCTS_DIR;
		};
		1AC6FB0F180E9839004C840B /* libCocosDenshion iOS.a */ = {
			isa = PBXReferenceProxy;
			fileType = archive.ar;
			path = "libCocosDenshion iOS.a";
			remoteRef = 1AC6FB0E180E9839004C840B /* PBXContainerItemProxy */;
			sourceTree = BUILT_PRODUCTS_DIR;
		};
/* End PBXReferenceProxy section */

/* Begin PBXResourcesBuildPhase section */
		1D60588D0D05DD3D006BFB54 /* Resources */ = {
			isa = PBXResourcesBuildPhase;
			buildActionMask = 2147483647;
			files = (
				8900CCD11977B37A0069F670 /* tileC2.png in Resources */,
				89CED92319486A0D0065CBFC /* larabie-16.plist in Resources */,
				89CED91919486A0D0065CBFC /* font-issue1343.png in Resources */,
				89CED93319486A0D0065CBFC /* west_england-64.fnt in Resources */,
				5087E78117EB970100C73F5D /* Icon-120.png in Resources */,
				5087E78617EB970100C73F5D /* Icon-76.png in Resources */,
				89CED8FA19486A0D0065CBFC /* Abduction.ttf in Resources */,
				89CED91D19486A0D0065CBFC /* helvetica-32.fnt in Resources */,
				5087E77F17EB970100C73F5D /* Default@2x.png in Resources */,
				89CED93419486A0D0065CBFC /* west_england-64.png in Resources */,
				89CED91519486A0D0065CBFC /* cyrillic.ttf in Resources */,
				89CED90B19486A0D0065CBFC /* bitmapFontTest3.fnt in Resources */,
				89CED91A19486A0D0065CBFC /* futura-48.fnt in Resources */,
				89CED90A19486A0D0065CBFC /* bitmapFontTest2.png in Resources */,
				89CED92919486A0D0065CBFC /* Roboto.bmf.fnt in Resources */,
				89CED91119486A0D0065CBFC /* boundsTestFont.fnt in Resources */,
				89CED91619486A0D0065CBFC /* font-issue1343-hd.fnt in Resources */,
				50EF629917ECD46A001EB2F8 /* Icon-100.png in Resources */,
				89CED91F19486A0D0065CBFC /* Japanese.ttf in Resources */,
				89CED8F819486A0D0065CBFC /* A Damn Mess.ttf in Resources */,
				1AFAF8BC16D35E4900DB1158 /* CloseNormal.png in Resources */,
				89CED9401949B2350065CBFC /* bg.png in Resources */,
				89CED8FF19486A0D0065CBFC /* arial-unicode-26.GlyphProject in Resources */,
				89CED93119486A0D0065CBFC /* tuffy_bold_italic-charmap.plist in Resources */,
				5087E78317EB970100C73F5D /* Icon-152.png in Resources */,
				89CED93019486A0D0065CBFC /* ThonburiBold.ttf in Resources */,
				5087E77D17EB970100C73F5D /* Default-568h@2x.png in Resources */,
				89CED90319486A0D0065CBFC /* arial16.png in Resources */,
				89CED90119486A0D0065CBFC /* arial.ttf in Resources */,
				8909A5BB197F8B3D00384F45 /* charactor.plist in Resources */,
				89CED91C19486A0D0065CBFC /* geneva-32.fnt in Resources */,
				89CED8FD19486A0D0065CBFC /* arial-26-en-ru_0.png in Resources */,
				89CED92B19486A0D0065CBFC /* Schwarzwald Regular.ttf in Resources */,
				89CED91B19486A0D0065CBFC /* futura-48.png in Resources */,
				891B6DFB1975172400549E61 /* img4.png in Resources */,
				89CED8F919486A0D0065CBFC /* Abberancy.ttf in Resources */,
				89CED92D19486A0D0065CBFC /* strings.xml in Resources */,
				89CED91E19486A0D0065CBFC /* helvetica-geneva-32.png in Resources */,
				89CED93219486A0D0065CBFC /* tuffy_bold_italic-charmap.png in Resources */,
				89CED92719486A0D0065CBFC /* markerFelt.png in Resources */,
				5087E78517EB970100C73F5D /* Icon-72.png in Resources */,
				89CED90019486A0D0065CBFC /* arial-unicode-26.png in Resources */,
				89CED90F19486A0D0065CBFC /* bitmapFontTest5.fnt in Resources */,
				89403CA31951882500345BA9 /* img1.png in Resources */,
				89CED92819486A0D0065CBFC /* Paint Boy.ttf in Resources */,
				89CED8FE19486A0D0065CBFC /* arial-unicode-26.fnt in Resources */,
				1AFAF8BD16D35E4900DB1158 /* CloseSelected.png in Resources */,
				50EF62A317ECD613001EB2F8 /* Icon-50.png in Resources */,
				89CED92E19486A0D0065CBFC /* tahoma.ttf in Resources */,
				5087E78017EB970100C73F5D /* Icon-114.png in Resources */,
				89CED91419486A0D0065CBFC /* cyril.ttf in Resources */,
				89CED91019486A0D0065CBFC /* bitmapFontTest5.png in Resources */,
				1AFAF8BE16D35E4900DB1158 /* HelloWorld.png in Resources */,
				891B6DF91975034600549E61 /* enemy.png in Resources */,
				89CED92C19486A0D0065CBFC /* Scissor Cuts.ttf in Resources */,
				89CED92419486A0D0065CBFC /* larabie-16.png in Resources */,
				89CED90519486A0D0065CBFC /* bitmapFontChinese.png in Resources */,
				89CED90819486A0D0065CBFC /* bitmapFontTest2.bmp in Resources */,
				50EF62A217ECD613001EB2F8 /* Icon-29.png in Resources */,
				89CED91819486A0D0065CBFC /* font-issue1343.fnt in Resources */,
				50EF629617ECD46A001EB2F8 /* Icon-40.png in Resources */,
				89CED91319486A0D0065CBFC /* Courier New.ttf in Resources */,
				8C3C8F2D197AB5520044B48E /* charactor_1.png in Resources */,
				89CED90619486A0D0065CBFC /* bitmapFontTest.fnt in Resources */,
				89403CA21951882500345BA9 /* img3.png in Resources */,
				89CED92619486A0D0065CBFC /* markerFelt.fnt in Resources */,
				89CED90719486A0D0065CBFC /* bitmapFontTest.png in Resources */,
				89CED92A19486A0D0065CBFC /* Roboto.bmf_0.png in Resources */,
				89CED90C19486A0D0065CBFC /* bitmapFontTest3.png in Resources */,
				5087E78217EB970100C73F5D /* Icon-144.png in Resources */,
				8900CCD51977B68B0069F670 /* background.png in Resources */,
				89CED90219486A0D0065CBFC /* arial16.fnt in Resources */,
				89CED92519486A0D0065CBFC /* Marker Felt.ttf in Resources */,
				89CED8FC19486A0D0065CBFC /* arial-26-en-ru.fnt in Resources */,
				89CED90D19486A0D0065CBFC /* bitmapFontTest4.fnt in Resources */,
				50EF629817ECD46A001EB2F8 /* Icon-80.png in Resources */,
				89CED8FB19486A0D0065CBFC /* American Typewriter.ttf in Resources */,
				89CED90919486A0D0065CBFC /* bitmapFontTest2.fnt in Resources */,
				5087E78417EB970100C73F5D /* Icon-57.png in Resources */,
				89CED92F19486A0D0065CBFC /* Thonburi.ttf in Resources */,
				5087E77E17EB970100C73F5D /* Default.png in Resources */,
				89403CA41951882500345BA9 /* img2.png in Resources */,
				89CED90419486A0D0065CBFC /* bitmapFontChinese.fnt in Resources */,
				89CED91219486A0D0065CBFC /* boundsTestFont.png in Resources */,
				89D02C67194EB281004A759A /* circle.png in Resources */,
				89CED92019486A0D0065CBFC /* konqa32.fnt in Resources */,
				89CED90E19486A0D0065CBFC /* bitmapFontTest4.png in Resources */,
				89CED92219486A0D0065CBFC /* labelatlas.png in Resources */,
				50EF629717ECD46A001EB2F8 /* Icon-58.png in Resources */,
				89CED92119486A0D0065CBFC /* konqa32.png in Resources */,
				89CED91719486A0D0065CBFC /* font-issue1343-hd.png in Resources */,
			);
			runOnlyForDeploymentPostprocessing = 0;
		};
		5087E74817EB910900C73F5D /* Resources */ = {
			isa = PBXResourcesBuildPhase;
			buildActionMask = 2147483647;
			files = (
				5087E75317EB910900C73F5D /* CloseNormal.png in Resources */,
				503AE0F817EB97AB00D1A890 /* Icon.icns in Resources */,
				5087E75417EB910900C73F5D /* CloseSelected.png in Resources */,
				5087E75517EB910900C73F5D /* HelloWorld.png in Resources */,
			);
			runOnlyForDeploymentPostprocessing = 0;
		};
/* End PBXResourcesBuildPhase section */

/* Begin PBXSourcesBuildPhase section */
		1D60588E0D05DD3D006BFB54 /* Sources */ = {
			isa = PBXSourcesBuildPhase;
			buildActionMask = 2147483647;
			files = (
				89F9E9B01977DCB600A60A4D /* sweep_context.cc in Sources */,
				89F9E9CE197E1BEF00A60A4D /* GB2ShapeCache-x.cpp in Sources */,
				503AE10017EB989F00D1A890 /* AppController.mm in Sources */,
				89F9E9AC1977DCB600A60A4D /* shapes.cc in Sources */,
				8CF729F119572DD10030B362 /* b2Sperator.cpp in Sources */,
				89068F52195002450003B243 /* BattleWorld.cpp in Sources */,
				503AE10217EB989F00D1A890 /* RootViewController.mm in Sources */,
				89F9E9AE1977DCB600A60A4D /* cdt.cc in Sources */,
				89F9E9AD1977DCB600A60A4D /* advancing_front.cc in Sources */,
				89CED93B194873C40065CBFC /* BattleScene.cpp in Sources */,
				8CF729DB194757490030B362 /* TitanScene.cpp in Sources */,
				89F9E9D7197E1C6600A60A4D /* PhysicsEditorScene.cpp in Sources */,
				1AFAF8B716D35DE700DB1158 /* AppDelegate.cpp in Sources */,
				89403C9E1950468800345BA9 /* JSON.cpp in Sources */,
				8C7706011947529600270F5D /* StartScene.cpp in Sources */,
				89D02C6F194EBCBB004A759A /* GLES-Render.cpp in Sources */,
				503AE10117EB989F00D1A890 /* main.m in Sources */,
				89F9E9AF1977DCB600A60A4D /* sweep.cc in Sources */,
				89403CA919518E3700345BA9 /* ShaderSprite.cpp in Sources */,
			);
			runOnlyForDeploymentPostprocessing = 0;
		};
		5087E75617EB910900C73F5D /* Sources */ = {
			isa = PBXSourcesBuildPhase;
			buildActionMask = 2147483647;
			files = (
				5087E75717EB910900C73F5D /* AppDelegate.cpp in Sources */,
				503AE10517EB98FF00D1A890 /* main.cpp in Sources */,
			);
			runOnlyForDeploymentPostprocessing = 0;
		};
/* End PBXSourcesBuildPhase section */

/* Begin PBXTargetDependency section */
		1AC6FB16180E9959004C840B /* PBXTargetDependency */ = {
			isa = PBXTargetDependency;
			name = "cocos2dx Mac";
			targetProxy = 1AC6FB15180E9959004C840B /* PBXContainerItemProxy */;
		};
		1AC6FB18180E9959004C840B /* PBXTargetDependency */ = {
			isa = PBXTargetDependency;
			name = "cocos2dx-extensions Mac";
			targetProxy = 1AC6FB17180E9959004C840B /* PBXContainerItemProxy */;
		};
		1AC6FB1A180E9959004C840B /* PBXTargetDependency */ = {
			isa = PBXTargetDependency;
			name = "chipmunk Mac";
			targetProxy = 1AC6FB19180E9959004C840B /* PBXContainerItemProxy */;
		};
		1AC6FB1C180E9959004C840B /* PBXTargetDependency */ = {
			isa = PBXTargetDependency;
			name = "CocosDenshion Mac";
			targetProxy = 1AC6FB1B180E9959004C840B /* PBXContainerItemProxy */;
		};
		1AC6FB1E180E9963004C840B /* PBXTargetDependency */ = {
			isa = PBXTargetDependency;
			name = "box2d Mac";
			targetProxy = 1AC6FB1D180E9963004C840B /* PBXContainerItemProxy */;
		};
		1AC6FB25180E99E1004C840B /* PBXTargetDependency */ = {
			isa = PBXTargetDependency;
			name = "cocos2dx iOS";
			targetProxy = 1AC6FB24180E99E1004C840B /* PBXContainerItemProxy */;
		};
		1AC6FB27180E99E1004C840B /* PBXTargetDependency */ = {
			isa = PBXTargetDependency;
			name = "cocos2dx-extensions iOS";
			targetProxy = 1AC6FB26180E99E1004C840B /* PBXContainerItemProxy */;
		};
		1AC6FB29180E99E1004C840B /* PBXTargetDependency */ = {
			isa = PBXTargetDependency;
			name = "chipmunk iOS";
			targetProxy = 1AC6FB28180E99E1004C840B /* PBXContainerItemProxy */;
		};
		1AC6FB2B180E99E1004C840B /* PBXTargetDependency */ = {
			isa = PBXTargetDependency;
			name = "box2d iOS";
			targetProxy = 1AC6FB2A180E99E1004C840B /* PBXContainerItemProxy */;
		};
		1AC6FB2D180E99E1004C840B /* PBXTargetDependency */ = {
			isa = PBXTargetDependency;
			name = "CocosDenshion iOS";
			targetProxy = 1AC6FB2C180E99E1004C840B /* PBXContainerItemProxy */;
		};
/* End PBXTargetDependency section */

/* Begin XCBuildConfiguration section */
		1D6058940D05DD3E006BFB54 /* Debug */ = {
			isa = XCBuildConfiguration;
			buildSettings = {
				ALWAYS_SEARCH_USER_PATHS = YES;
				CODE_SIGN_IDENTITY = "iPhone Developer";
				COMPRESS_PNG_FILES = NO;
				GCC_DYNAMIC_NO_PIC = NO;
				GCC_INLINES_ARE_PRIVATE_EXTERN = NO;
				GCC_PRECOMPILE_PREFIX_HEADER = YES;
				GCC_PREFIX_HEADER = ios/Prefix.pch;
				GCC_PREPROCESSOR_DEFINITIONS = (
					USE_FILE32API,
					CC_TARGET_OS_IPHONE,
					"COCOS2D_DEBUG=1",
					"CC_ENABLE_BOX2D_INTEGRATION=1",
				);
				GCC_SYMBOLS_PRIVATE_EXTERN = NO;
				HEADER_SEARCH_PATHS = (
					"$(inherited)",
					"$(SRCROOT)/../cocos2d/cocos/platform/ios",
					"$(SRCROOT)/../cocos2d/cocos/platform/ios/Simulation",
					"$(SRCROOT)/../cocos2d/external/Box2D",
				);
				INFOPLIST_FILE = ios/Info.plist;
				IPHONEOS_DEPLOYMENT_TARGET = 5.0;
				LIBRARY_SEARCH_PATHS = "/Users/zhang_yunjie/Workspace/workspace/Titan/Classes/3rdParty/ChipmunkPro-iPhone-Trial";
				SDKROOT = iphoneos;
				TARGETED_DEVICE_FAMILY = "1,2";
				USER_HEADER_SEARCH_PATHS = "";
			};
			name = Debug;
		};
		1D6058950D05DD3E006BFB54 /* Release */ = {
			isa = XCBuildConfiguration;
			buildSettings = {
				ALWAYS_SEARCH_USER_PATHS = YES;
				CODE_SIGN_IDENTITY = "iPhone Developer";
				COMPRESS_PNG_FILES = NO;
				GCC_INLINES_ARE_PRIVATE_EXTERN = NO;
				GCC_PRECOMPILE_PREFIX_HEADER = YES;
				GCC_PREFIX_HEADER = ios/Prefix.pch;
				GCC_PREPROCESSOR_DEFINITIONS = (
					USE_FILE32API,
					CC_TARGET_OS_IPHONE,
					"CC_ENABLE_BOX2D_INTEGRATION=1",
				);
				GCC_SYMBOLS_PRIVATE_EXTERN = NO;
				HEADER_SEARCH_PATHS = (
					"$(inherited)",
					"$(SRCROOT)/../cocos2d/cocos/platform/ios",
					"$(SRCROOT)/../cocos2d/cocos/platform/ios/Simulation",
					"$(SRCROOT)/../cocos2d/external/Box2D",
				);
				INFOPLIST_FILE = ios/Info.plist;
				IPHONEOS_DEPLOYMENT_TARGET = 5.0;
				LIBRARY_SEARCH_PATHS = "/Users/zhang_yunjie/Workspace/workspace/Titan/Classes/3rdParty/ChipmunkPro-iPhone-Trial";
				SDKROOT = iphoneos;
				TARGETED_DEVICE_FAMILY = "1,2";
				USER_HEADER_SEARCH_PATHS = "";
			};
			name = Release;
		};
		5087E76D17EB910900C73F5D /* Debug */ = {
			isa = XCBuildConfiguration;
			buildSettings = {
				ALWAYS_SEARCH_USER_PATHS = YES;
				ARCHS = "$(ARCHS_STANDARD_64_BIT)";
				CLANG_CXX_LANGUAGE_STANDARD = "c++0x";
				CLANG_CXX_LIBRARY = "libc++";
				GCC_DYNAMIC_NO_PIC = NO;
				GCC_INLINES_ARE_PRIVATE_EXTERN = NO;
				GCC_PRECOMPILE_PREFIX_HEADER = YES;
				GCC_PREFIX_HEADER = mac/Prefix.pch;
				GCC_PREPROCESSOR_DEFINITIONS = (
					USE_FILE32API,
					CC_TARGET_OS_MAC,
					"COCOS2D_DEBUG=1",
					"CC_ENABLE_BOX2D_INTEGRATION=1",
				);
				GCC_SYMBOLS_PRIVATE_EXTERN = NO;
				HEADER_SEARCH_PATHS = (
					"$(inherited)",
					"$(SRCROOT)/../cocos2d/cocos/platform/mac",
					"$(SRCROOT)/../cocos2d/external/glfw3/include/mac",
					"$(SRCROOT)/../cocos2d/external/Box2D",
				);
				INFOPLIST_FILE = mac/Info.plist;
				LIBRARY_SEARCH_PATHS = "";
				USER_HEADER_SEARCH_PATHS = "";
			};
			name = Debug;
		};
		5087E76E17EB910900C73F5D /* Release */ = {
			isa = XCBuildConfiguration;
			buildSettings = {
				ALWAYS_SEARCH_USER_PATHS = YES;
				ARCHS = "$(ARCHS_STANDARD_64_BIT)";
				CLANG_CXX_LANGUAGE_STANDARD = "c++0x";
				CLANG_CXX_LIBRARY = "libc++";
				GCC_INLINES_ARE_PRIVATE_EXTERN = NO;
				GCC_PRECOMPILE_PREFIX_HEADER = YES;
				GCC_PREFIX_HEADER = mac/Prefix.pch;
				GCC_PREPROCESSOR_DEFINITIONS = (
					USE_FILE32API,
					CC_TARGET_OS_MAC,
					"CC_ENABLE_BOX2D_INTEGRATION=1",
				);
				GCC_SYMBOLS_PRIVATE_EXTERN = NO;
				HEADER_SEARCH_PATHS = (
					"$(inherited)",
					"$(SRCROOT)/../cocos2d/cocos/platform/mac",
					"$(SRCROOT)/../cocos2d/external/glfw3/include/mac",
					"$(SRCROOT)/../cocos2d/external/Box2D",
				);
				INFOPLIST_FILE = mac/Info.plist;
				LIBRARY_SEARCH_PATHS = "";
				USER_HEADER_SEARCH_PATHS = "";
			};
			name = Release;
		};
		C01FCF4F08A954540054247B /* Debug */ = {
			isa = XCBuildConfiguration;
			buildSettings = {
				CLANG_CXX_LANGUAGE_STANDARD = "c++0x";
				CLANG_CXX_LIBRARY = "libc++";
				COPY_PHASE_STRIP = NO;
				GCC_OPTIMIZATION_LEVEL = 0;
				GCC_WARN_ABOUT_RETURN_TYPE = YES;
				GCC_WARN_UNUSED_VARIABLE = YES;
				HEADER_SEARCH_PATHS = (
					"$(SRCROOT)/../cocos2d",
					"$(SRCROOT)/../cocos2d/cocos",
					"$(SRCROOT)/../cocos2d/cocos/base",
					"$(SRCROOT)/../cocos2d/cocos/physics",
					"$(SRCROOT)/../cocos2d/cocos/math",
					"$(SRCROOT)/../cocos2d/cocos/2d",
					"$(SRCROOT)/../cocos2d/cocos/ui",
					"$(SRCROOT)/../cocos2d/cocos/network",
					"$(SRCROOT)/../cocos2d/cocos/audio/include",
					"$(SRCROOT)/../cocos2d/cocos/editor-support",
					"$(SRCROOT)/../cocos2d/extensions",
					"$(SRCROOT)/../cocos2d/external",
					"$(SRCROOT)/../cocos2d/external/chipmunk/include/chipmunk",
				);
				ONLY_ACTIVE_ARCH = YES;
				PRODUCT_NAME = "$(TARGET_NAME)";
				SDKROOT = macosx;
			};
			name = Debug;
		};
		C01FCF5008A954540054247B /* Release */ = {
			isa = XCBuildConfiguration;
			buildSettings = {
				CLANG_CXX_LANGUAGE_STANDARD = "c++0x";
				CLANG_CXX_LIBRARY = "libc++";
				GCC_WARN_ABOUT_RETURN_TYPE = YES;
				GCC_WARN_UNUSED_VARIABLE = YES;
				HEADER_SEARCH_PATHS = (
					"$(SRCROOT)/../cocos2d",
					"$(SRCROOT)/../cocos2d/cocos",
					"$(SRCROOT)/../cocos2d/cocos/base",
					"$(SRCROOT)/../cocos2d/cocos/physics",
					"$(SRCROOT)/../cocos2d/cocos/math",
					"$(SRCROOT)/../cocos2d/cocos/2d",
					"$(SRCROOT)/../cocos2d/cocos/ui",
					"$(SRCROOT)/../cocos2d/cocos/network",
					"$(SRCROOT)/../cocos2d/cocos/audio/include",
					"$(SRCROOT)/../cocos2d/cocos/editor-support",
					"$(SRCROOT)/../cocos2d/extensions",
					"$(SRCROOT)/../cocos2d/external",
					"$(SRCROOT)/../cocos2d/external/chipmunk/include/chipmunk",
				);
				OTHER_CFLAGS = "-DNS_BLOCK_ASSERTIONS=1";
				PRODUCT_NAME = "$(TARGET_NAME)";
				SDKROOT = macosx;
				VALIDATE_PRODUCT = YES;
			};
			name = Release;
		};
/* End XCBuildConfiguration section */

/* Begin XCConfigurationList section */
		1D6058960D05DD3E006BFB54 /* Build configuration list for PBXNativeTarget "Titan iOS" */ = {
			isa = XCConfigurationList;
			buildConfigurations = (
				1D6058940D05DD3E006BFB54 /* Debug */,
				1D6058950D05DD3E006BFB54 /* Release */,
			);
			defaultConfigurationIsVisible = 0;
			defaultConfigurationName = Debug;
		};
		5087E76C17EB910900C73F5D /* Build configuration list for PBXNativeTarget "Titan Mac" */ = {
			isa = XCConfigurationList;
			buildConfigurations = (
				5087E76D17EB910900C73F5D /* Debug */,
				5087E76E17EB910900C73F5D /* Release */,
			);
			defaultConfigurationIsVisible = 0;
			defaultConfigurationName = Debug;
		};
		C01FCF4E08A954540054247B /* Build configuration list for PBXProject "Titan" */ = {
			isa = XCConfigurationList;
			buildConfigurations = (
				C01FCF4F08A954540054247B /* Debug */,
				C01FCF5008A954540054247B /* Release */,
			);
			defaultConfigurationIsVisible = 0;
			defaultConfigurationName = Debug;
		};
/* End XCConfigurationList section */
	};
	rootObject = 29B97313FDCFA39411CA2CEA /* Project object */;
}
